// !$*UTF8*$!
{
	archiveVersion = 1;
	classes = {
	};
	objectVersion = 77;
	objects = {

/* Begin PBXBuildFile section */
		0B8DCD82C5B2E302FBDA1C6D /* Components.swift in Sources */ = {isa = PBXBuildFile; fileRef = DD75849C6BB53F8B47F8325C /* Components.swift */; };
		1871C39D82832600F0FB7939 /* ServerPairingView.swift in Sources */ = {isa = PBXBuildFile; fileRef = C2249FEDFBBF4309C69820EA /* ServerPairingView.swift */; };
		1901E570C288A3266B80CF1A /* AddToChatSheet.swift in Sources */ = {isa = PBXBuildFile; fileRef = B63B97CEFDCDD93FFD0326CD /* AddToChatSheet.swift */; };
		19248DA2AAAC213F373ADE65 /* SkillDetailView.swift in Sources */ = {isa = PBXBuildFile; fileRef = 41253BFFB20D44DAA796C3ED /* SkillDetailView.swift */; };
		28D27AF1ED3A0DAC5B220E44 /* SessionViewModel.swift in Sources */ = {isa = PBXBuildFile; fileRef = 0A50515BB1D1B3958D685B83 /* SessionViewModel.swift */; };
		2BD3F0F9A23C3766FDA10062 /* AnyProvCodeApp.swift in Sources */ = {isa = PBXBuildFile; fileRef = D9A973E98017FD1E60EC33F3 /* AnyProvCodeApp.swift */; };
		2BFE9193197A101E63886C03 /* ThoughtProcessView.swift in Sources */ = {isa = PBXBuildFile; fileRef = E7D35A831CD08E1296E39C6E /* ThoughtProcessView.swift */; };
		33D444F857E34029C1DEE311 /* NewEnvironmentView.swift in Sources */ = {isa = PBXBuildFile; fileRef = 76806D89C27EB33D66D24E73 /* NewEnvironmentView.swift */; };
		3B460C642390516FB36E9EB8 /* Connector.swift in Sources */ = {isa = PBXBuildFile; fileRef = FC7BCA43880E9109A33BBC1C /* Connector.swift */; };
		3C5EA84ED9D7D332D677CACB /* MCPManagerView.swift in Sources */ = {isa = PBXBuildFile; fileRef = CBE56938723FEEAE27799B20 /* MCPManagerView.swift */; };
		3CDEC66881C20FCBB1239E95 /* Theme.swift in Sources */ = {isa = PBXBuildFile; fileRef = 64B6E0FD9BA826A3F02D7E36 /* Theme.swift */; };
		448EAA954F4670424355F5A6 /* AnyProvCore in Frameworks */ = {isa = PBXBuildFile; productRef = 6C59306130696FE8086EAD2C /* AnyProvCore */; };
		5CF5E8572633A5FC36BC8242 /* ChatView.swift in Sources */ = {isa = PBXBuildFile; fileRef = 2D32B127531E46E30645D6AE /* ChatView.swift */; };
		5F2D03CAF7B9B150606F61D5 /* CustomTextSkillEditor.swift in Sources */ = {isa = PBXBuildFile; fileRef = CA402A3CE0274284A2AAFF35 /* CustomTextSkillEditor.swift */; };
		6726BE3B73DFDBEB8BA2C3A8 /* ThinkingExtractor.swift in Sources */ = {isa = PBXBuildFile; fileRef = 282E35C4FC638FD1EA4FA8E1 /* ThinkingExtractor.swift */; };
		695E8929DCEF2FDDFA129A66 /* ChatMessage.swift in Sources */ = {isa = PBXBuildFile; fileRef = D812FC8191F34814215334B8 /* ChatMessage.swift */; };
		6D5E8C9787080633AA65393D /* AddMCPServerView.swift in Sources */ = {isa = PBXBuildFile; fileRef = 4A550AF706AF6A1F14F980BD /* AddMCPServerView.swift */; };
		7E55C2275B0C2FB672BDF88D /* MCPModels.swift in Sources */ = {isa = PBXBuildFile; fileRef = 37A1992BB5D820126EE492D8 /* MCPModels.swift */; };
		7F51124470D3240EC797EDA1 /* SessionView.swift in Sources */ = {isa = PBXBuildFile; fileRef = 79EC7B95BF78C372B8F6470F /* SessionView.swift */; };
		805424B822BB2ADFAB18667A /* KeychainSecretStore.swift in Sources */ = {isa = PBXBuildFile; fileRef = B7FDB803475E0DA6C38CDB26 /* KeychainSecretStore.swift */; };
		81EE656F23C16130693CFDE4 /* SessionConfig.swift in Sources */ = {isa = PBXBuildFile; fileRef = DCEDD3A587F8671873760059 /* SessionConfig.swift */; };
		83E1D3032D565C3BAB93D52D /* MessageActionsSheet.swift in Sources */ = {isa = PBXBuildFile; fileRef = AF62391667FCED49ACA4E69B /* MessageActionsSheet.swift */; };
		848948C4F1EEB301A83C3D79 /* ChatMessageView.swift in Sources */ = {isa = PBXBuildFile; fileRef = 12A5E678A46477119A46C13E /* ChatMessageView.swift */; };
		85F118C440E66A08BDA95CFF /* MCPClient.swift in Sources */ = {isa = PBXBuildFile; fileRef = 00AA8975E3A055B67E0DAB00 /* MCPClient.swift */; };
		88C183C4188220E194B30376 /* SessionToolsView.swift in Sources */ = {isa = PBXBuildFile; fileRef = 73CC635C1D624BEDA8768AE5 /* SessionToolsView.swift */; };
		90C5568049BB88366569444A /* SidebarView.swift in Sources */ = {isa = PBXBuildFile; fileRef = 5DD5861A619520CE34EDE32E /* SidebarView.swift */; };
		914235505814D382905EF7FD /* InstalledSkillsView.swift in Sources */ = {isa = PBXBuildFile; fileRef = 3C9E42B305FDE0BBC4D40DAF /* InstalledSkillsView.swift */; };
		9D3BA6F69E4A9572011B92FA /* CodeHomeView.swift in Sources */ = {isa = PBXBuildFile; fileRef = 2129354587534B3C34986684 /* CodeHomeView.swift */; };
		9FAC48DE9158986D00FB374A /* ChatViewModel.swift in Sources */ = {isa = PBXBuildFile; fileRef = 780F628E6084B3887F7703B5 /* ChatViewModel.swift */; };
		AAF87F0EA3728403D350F6A0 /* SkillMarketplaceView.swift in Sources */ = {isa = PBXBuildFile; fileRef = 3056666AF7EF2226C172336A /* SkillMarketplaceView.swift */; };
		AB7D80B41917DEED642ECA53 /* GitHubLinkView.swift in Sources */ = {isa = PBXBuildFile; fileRef = 3DC382DF7AC83D84427DC45E /* GitHubLinkView.swift */; };
		AD0EB3094D0DA95E3872AA4B /* ChatHistory.swift in Sources */ = {isa = PBXBuildFile; fileRef = 66C5E55DAB7DC2D267306816 /* ChatHistory.swift */; };
		AE7037B930229B619B934E53 /* RootView.swift in Sources */ = {isa = PBXBuildFile; fileRef = 267D6173F3BFD8B318EAFD4F /* RootView.swift */; };
		B041D44D9D53B5C010182D4E /* SettingsSync.swift in Sources */ = {isa = PBXBuildFile; fileRef = FC22D5C42230DB6CC29F7059 /* SettingsSync.swift */; };
		B477B1B2F049A7B19404FFFF /* AppSettingsView.swift in Sources */ = {isa = PBXBuildFile; fileRef = 949EDD0121111471C2AC0A8C /* AppSettingsView.swift */; };
		BB5EF2F381649E2D83F49265 /* ProjectsListView.swift in Sources */ = {isa = PBXBuildFile; fileRef = 234B5ACA7E78E33141358F4F /* ProjectsListView.swift */; };
		BBFF650C97BEFFEC09A83B32 /* ArtifactsListView.swift in Sources */ = {isa = PBXBuildFile; fileRef = 2A4DB6A8BA88E4BD7A5C0D6C /* ArtifactsListView.swift */; };
		D43043E5E1911CCAF185E287 /* ModelPickerSheet.swift in Sources */ = {isa = PBXBuildFile; fileRef = B8106E5F76DA35AFD4295AAE /* ModelPickerSheet.swift */; };
		DBF05579031E76AE0ED744EE /* CreateProjectSheet.swift in Sources */ = {isa = PBXBuildFile; fileRef = CC1524128F22DB0BA3766B43 /* CreateProjectSheet.swift */; };
		E0A00B4916BDCFDB1AEABFE6 /* ProjectDetailView.swift in Sources */ = {isa = PBXBuildFile; fileRef = FEF1B3010CD605B163852AB2 /* ProjectDetailView.swift */; };
		E0E3F5C389AC4D1B1F08944F /* NewSessionView.swift in Sources */ = {isa = PBXBuildFile; fileRef = 404CA9E486F4D33A4C9F2F7A /* NewSessionView.swift */; };
		E11E8A2895DA45D0D045007B /* RepositoryPickerSheet.swift in Sources */ = {isa = PBXBuildFile; fileRef = 8C8C45E6F5313A60942D8D30 /* RepositoryPickerSheet.swift */; };
		E9E2ABD15C129B770C05B6BE /* HealthKitService.swift in Sources */ = {isa = PBXBuildFile; fileRef = 6B5B7DA44485AF439FACFC4C /* HealthKitService.swift */; };
		ECA29A1A476CA5882A34041F /* ConnectorsView.swift in Sources */ = {isa = PBXBuildFile; fileRef = CE8898CCE5EC02E194645D78 /* ConnectorsView.swift */; };
		F4A20A7171EEE8004F609637 /* EnvironmentPickerSheet.swift in Sources */ = {isa = PBXBuildFile; fileRef = DF1FF3230FA7655038CC5F59 /* EnvironmentPickerSheet.swift */; };
		F70ADC34DB177AC4B2CD77AA /* AppState.swift in Sources */ = {isa = PBXBuildFile; fileRef = 3F72652A75E04AB54E4E2BF7 /* AppState.swift */; };
/* End PBXBuildFile section */

/* Begin PBXFileReference section */
		00AA8975E3A055B67E0DAB00 /* MCPClient.swift */ = {isa = PBXFileReference; lastKnownFileType = sourcecode.swift; path = MCPClient.swift; sourceTree = "<group>"; };
		0A50515BB1D1B3958D685B83 /* SessionViewModel.swift */ = {isa = PBXFileReference; lastKnownFileType = sourcecode.swift; path = SessionViewModel.swift; sourceTree = "<group>"; };
		12A5E678A46477119A46C13E /* ChatMessageView.swift */ = {isa = PBXFileReference; lastKnownFileType = sourcecode.swift; path = ChatMessageView.swift; sourceTree = "<group>"; };
		2129354587534B3C34986684 /* CodeHomeView.swift */ = {isa = PBXFileReference; lastKnownFileType = sourcecode.swift; path = CodeHomeView.swift; sourceTree = "<group>"; };
		234B5ACA7E78E33141358F4F /* ProjectsListView.swift */ = {isa = PBXFileReference; lastKnownFileType = sourcecode.swift; path = ProjectsListView.swift; sourceTree = "<group>"; };
		267D6173F3BFD8B318EAFD4F /* RootView.swift */ = {isa = PBXFileReference; lastKnownFileType = sourcecode.swift; path = RootView.swift; sourceTree = "<group>"; };
		282E35C4FC638FD1EA4FA8E1 /* ThinkingExtractor.swift */ = {isa = PBXFileReference; lastKnownFileType = sourcecode.swift; path = ThinkingExtractor.swift; sourceTree = "<group>"; };
		2A4DB6A8BA88E4BD7A5C0D6C /* ArtifactsListView.swift */ = {isa = PBXFileReference; lastKnownFileType = sourcecode.swift; path = ArtifactsListView.swift; sourceTree = "<group>"; };
		2D32B127531E46E30645D6AE /* ChatView.swift */ = {isa = PBXFileReference; lastKnownFileType = sourcecode.swift; path = ChatView.swift; sourceTree = "<group>"; };
		3056666AF7EF2226C172336A /* SkillMarketplaceView.swift */ = {isa = PBXFileReference; lastKnownFileType = sourcecode.swift; path = SkillMarketplaceView.swift; sourceTree = "<group>"; };
		37A1992BB5D820126EE492D8 /* MCPModels.swift */ = {isa = PBXFileReference; lastKnownFileType = sourcecode.swift; path = MCPModels.swift; sourceTree = "<group>"; };
		3C9E42B305FDE0BBC4D40DAF /* InstalledSkillsView.swift */ = {isa = PBXFileReference; lastKnownFileType = sourcecode.swift; path = InstalledSkillsView.swift; sourceTree = "<group>"; };
		3DC382DF7AC83D84427DC45E /* GitHubLinkView.swift */ = {isa = PBXFileReference; lastKnownFileType = sourcecode.swift; path = GitHubLinkView.swift; sourceTree = "<group>"; };
		3F72652A75E04AB54E4E2BF7 /* AppState.swift */ = {isa = PBXFileReference; lastKnownFileType = sourcecode.swift; path = AppState.swift; sourceTree = "<group>"; };
		404CA9E486F4D33A4C9F2F7A /* NewSessionView.swift */ = {isa = PBXFileReference; lastKnownFileType = sourcecode.swift; path = NewSessionView.swift; sourceTree = "<group>"; };
		41253BFFB20D44DAA796C3ED /* SkillDetailView.swift */ = {isa = PBXFileReference; lastKnownFileType = sourcecode.swift; path = SkillDetailView.swift; sourceTree = "<group>"; };
		4A550AF706AF6A1F14F980BD /* AddMCPServerView.swift */ = {isa = PBXFileReference; lastKnownFileType = sourcecode.swift; path = AddMCPServerView.swift; sourceTree = "<group>"; };
		5DD5861A619520CE34EDE32E /* SidebarView.swift */ = {isa = PBXFileReference; lastKnownFileType = sourcecode.swift; path = SidebarView.swift; sourceTree = "<group>"; };
		64B6E0FD9BA826A3F02D7E36 /* Theme.swift */ = {isa = PBXFileReference; lastKnownFileType = sourcecode.swift; path = Theme.swift; sourceTree = "<group>"; };
		66C5E55DAB7DC2D267306816 /* ChatHistory.swift */ = {isa = PBXFileReference; lastKnownFileType = sourcecode.swift; path = ChatHistory.swift; sourceTree = "<group>"; };
		6B5B7DA44485AF439FACFC4C /* HealthKitService.swift */ = {isa = PBXFileReference; lastKnownFileType = sourcecode.swift; path = HealthKitService.swift; sourceTree = "<group>"; };
		73CC635C1D624BEDA8768AE5 /* SessionToolsView.swift */ = {isa = PBXFileReference; lastKnownFileType = sourcecode.swift; path = SessionToolsView.swift; sourceTree = "<group>"; };
		76806D89C27EB33D66D24E73 /* NewEnvironmentView.swift */ = {isa = PBXFileReference; lastKnownFileType = sourcecode.swift; path = NewEnvironmentView.swift; sourceTree = "<group>"; };
		780F628E6084B3887F7703B5 /* ChatViewModel.swift */ = {isa = PBXFileReference; lastKnownFileType = sourcecode.swift; path = ChatViewModel.swift; sourceTree = "<group>"; };
		79EC7B95BF78C372B8F6470F /* SessionView.swift */ = {isa = PBXFileReference; lastKnownFileType = sourcecode.swift; path = SessionView.swift; sourceTree = "<group>"; };
		8AB95CA2D58B8D1B57DC3445 /* AnyProvCode.app */ = {isa = PBXFileReference; explicitFileType = wrapper.application; includeInIndex = 0; path = AnyProvCode.app; sourceTree = BUILT_PRODUCTS_DIR; };
		8C8C45E6F5313A60942D8D30 /* RepositoryPickerSheet.swift */ = {isa = PBXFileReference; lastKnownFileType = sourcecode.swift; path = RepositoryPickerSheet.swift; sourceTree = "<group>"; };
		8F6B8D9D7A83D7D9DCE7EAA7 /* AnyProvCore */ = {isa = PBXFileReference; lastKnownFileType = folder; path = AnyProvCore; sourceTree = SOURCE_ROOT; };
		949EDD0121111471C2AC0A8C /* AppSettingsView.swift */ = {isa = PBXFileReference; lastKnownFileType = sourcecode.swift; path = AppSettingsView.swift; sourceTree = "<group>"; };
		AF62391667FCED49ACA4E69B /* MessageActionsSheet.swift */ = {isa = PBXFileReference; lastKnownFileType = sourcecode.swift; path = MessageActionsSheet.swift; sourceTree = "<group>"; };
		B63B97CEFDCDD93FFD0326CD /* AddToChatSheet.swift */ = {isa = PBXFileReference; lastKnownFileType = sourcecode.swift; path = AddToChatSheet.swift; sourceTree = "<group>"; };
		B7FDB803475E0DA6C38CDB26 /* KeychainSecretStore.swift */ = {isa = PBXFileReference; lastKnownFileType = sourcecode.swift; path = KeychainSecretStore.swift; sourceTree = "<group>"; };
		B8106E5F76DA35AFD4295AAE /* ModelPickerSheet.swift */ = {isa = PBXFileReference; lastKnownFileType = sourcecode.swift; path = ModelPickerSheet.swift; sourceTree = "<group>"; };
		C2249FEDFBBF4309C69820EA /* ServerPairingView.swift */ = {isa = PBXFileReference; lastKnownFileType = sourcecode.swift; path = ServerPairingView.swift; sourceTree = "<group>"; };
		CA402A3CE0274284A2AAFF35 /* CustomTextSkillEditor.swift */ = {isa = PBXFileReference; lastKnownFileType = sourcecode.swift; path = CustomTextSkillEditor.swift; sourceTree = "<group>"; };
		CBE56938723FEEAE27799B20 /* MCPManagerView.swift */ = {isa = PBXFileReference; lastKnownFileType = sourcecode.swift; path = MCPManagerView.swift; sourceTree = "<group>"; };
		CC1524128F22DB0BA3766B43 /* CreateProjectSheet.swift */ = {isa = PBXFileReference; lastKnownFileType = sourcecode.swift; path = CreateProjectSheet.swift; sourceTree = "<group>"; };
		CE8898CCE5EC02E194645D78 /* ConnectorsView.swift */ = {isa = PBXFileReference; lastKnownFileType = sourcecode.swift; path = ConnectorsView.swift; sourceTree = "<group>"; };
		D812FC8191F34814215334B8 /* ChatMessage.swift */ = {isa = PBXFileReference; lastKnownFileType = sourcecode.swift; path = ChatMessage.swift; sourceTree = "<group>"; };
		D9A973E98017FD1E60EC33F3 /* AnyProvCodeApp.swift */ = {isa = PBXFileReference; lastKnownFileType = sourcecode.swift; path = AnyProvCodeApp.swift; sourceTree = "<group>"; };
		DCEDD3A587F8671873760059 /* SessionConfig.swift */ = {isa = PBXFileReference; lastKnownFileType = sourcecode.swift; path = SessionConfig.swift; sourceTree = "<group>"; };
		DD75849C6BB53F8B47F8325C /* Components.swift */ = {isa = PBXFileReference; lastKnownFileType = sourcecode.swift; path = Components.swift; sourceTree = "<group>"; };
		DF1FF3230FA7655038CC5F59 /* EnvironmentPickerSheet.swift */ = {isa = PBXFileReference; lastKnownFileType = sourcecode.swift; path = EnvironmentPickerSheet.swift; sourceTree = "<group>"; };
		E7D35A831CD08E1296E39C6E /* ThoughtProcessView.swift */ = {isa = PBXFileReference; lastKnownFileType = sourcecode.swift; path = ThoughtProcessView.swift; sourceTree = "<group>"; };
		FC22D5C42230DB6CC29F7059 /* SettingsSync.swift */ = {isa = PBXFileReference; lastKnownFileType = sourcecode.swift; path = SettingsSync.swift; sourceTree = "<group>"; };
		FC7BCA43880E9109A33BBC1C /* Connector.swift */ = {isa = PBXFileReference; lastKnownFileType = sourcecode.swift; path = Connector.swift; sourceTree = "<group>"; };
		FEF1B3010CD605B163852AB2 /* ProjectDetailView.swift */ = {isa = PBXFileReference; lastKnownFileType = sourcecode.swift; path = ProjectDetailView.swift; sourceTree = "<group>"; };
/* End PBXFileReference section */

/* Begin PBXFrameworksBuildPhase section */
		2F1F5FC03FB2DD1A0B519D9E /* Frameworks */ = {
			isa = PBXFrameworksBuildPhase;
			buildActionMask = 2147483647;
			files = (
				448EAA954F4670424355F5A6 /* AnyProvCore in Frameworks */,
			);
			runOnlyForDeploymentPostprocessing = 0;
		};
/* End PBXFrameworksBuildPhase section */

/* Begin PBXGroup section */
		00DDE99A7725A4C172CAD435 /* Products */ = {
			isa = PBXGroup;
			children = (
				8AB95CA2D58B8D1B57DC3445 /* AnyProvCode.app */,
			);
			name = Products;
			sourceTree = "<group>";
		};
		08B4D7F979D2D626D9C4AD2E = {
			isa = PBXGroup;
			children = (
				CE4192490A392F0552A10930 /* App */,
				383BE88C9C6185CAB75760FA /* Packages */,
				00DDE99A7725A4C172CAD435 /* Products */,
			);
			sourceTree = "<group>";
		};
		254884501998924F7B66A398 /* Sources */ = {
			isa = PBXGroup;
			children = (
				4F2333E52D3BDDE3BAC8F2A3 /* App */,
				9D465DE048B61228EDD387DE /* DesignSystem */,
				A2388D21327D6102F1DF3A6C /* Features */,
			);
			path = Sources;
			sourceTree = "<group>";
		};
		28C7A795083063971FECFE90 /* Chat */ = {
			isa = PBXGroup;
			children = (
				B63B97CEFDCDD93FFD0326CD /* AddToChatSheet.swift */,
				12A5E678A46477119A46C13E /* ChatMessageView.swift */,
				2D32B127531E46E30645D6AE /* ChatView.swift */,
				780F628E6084B3887F7703B5 /* ChatViewModel.swift */,
				CE8898CCE5EC02E194645D78 /* ConnectorsView.swift */,
				AF62391667FCED49ACA4E69B /* MessageActionsSheet.swift */,
				E7D35A831CD08E1296E39C6E /* ThoughtProcessView.swift */,
				32836BF4F6777EB4C954E82A /* Health */,
				BEEC853C135C65EE5B416209 /* MCP */,
				C7823E9BD1BEB6B52CA5B2B2 /* Models */,
			);
			path = Chat;
			sourceTree = "<group>";
		};
		28DB5337523B16490C4FCFDA /* Code */ = {
			isa = PBXGroup;
			children = (
				2129354587534B3C34986684 /* CodeHomeView.swift */,
			);
			path = Code;
			sourceTree = "<group>";
		};
		32836BF4F6777EB4C954E82A /* Health */ = {
			isa = PBXGroup;
			children = (
				6B5B7DA44485AF439FACFC4C /* HealthKitService.swift */,
			);
			path = Health;
			sourceTree = "<group>";
		};
		383BE88C9C6185CAB75760FA /* Packages */ = {
			isa = PBXGroup;
			children = (
				8F6B8D9D7A83D7D9DCE7EAA7 /* AnyProvCore */,
			);
			name = Packages;
			sourceTree = "<group>";
		};
		4118DD7F7F65167E9891DC75 /* Repositories */ = {
			isa = PBXGroup;
			children = (
				8C8C45E6F5313A60942D8D30 /* RepositoryPickerSheet.swift */,
			);
			path = Repositories;
			sourceTree = "<group>";
		};
		4DC46D92A602C1CEA719FB49 /* Skills */ = {
			isa = PBXGroup;
			children = (
				4A550AF706AF6A1F14F980BD /* AddMCPServerView.swift */,
				CA402A3CE0274284A2AAFF35 /* CustomTextSkillEditor.swift */,
				3C9E42B305FDE0BBC4D40DAF /* InstalledSkillsView.swift */,
				CBE56938723FEEAE27799B20 /* MCPManagerView.swift */,
				41253BFFB20D44DAA796C3ED /* SkillDetailView.swift */,
				3056666AF7EF2226C172336A /* SkillMarketplaceView.swift */,
			);
			path = Skills;
			sourceTree = "<group>";
		};
		4F2333E52D3BDDE3BAC8F2A3 /* App */ = {
			isa = PBXGroup;
			children = (
				D9A973E98017FD1E60EC33F3 /* AnyProvCodeApp.swift */,
				3F72652A75E04AB54E4E2BF7 /* AppState.swift */,
				B7FDB803475E0DA6C38CDB26 /* KeychainSecretStore.swift */,
				267D6173F3BFD8B318EAFD4F /* RootView.swift */,
				FC22D5C42230DB6CC29F7059 /* SettingsSync.swift */,
			);
			path = App;
			sourceTree = "<group>";
		};
		6AEAA69530E745DB58B2B148 /* Session */ = {
			isa = PBXGroup;
			children = (
				404CA9E486F4D33A4C9F2F7A /* NewSessionView.swift */,
				DCEDD3A587F8671873760059 /* SessionConfig.swift */,
				73CC635C1D624BEDA8768AE5 /* SessionToolsView.swift */,
				79EC7B95BF78C372B8F6470F /* SessionView.swift */,
				0A50515BB1D1B3958D685B83 /* SessionViewModel.swift */,
			);
			path = Session;
			sourceTree = "<group>";
		};
		784A80F65AA5CE1338A84ECA /* Artifacts */ = {
			isa = PBXGroup;
			children = (
				2A4DB6A8BA88E4BD7A5C0D6C /* ArtifactsListView.swift */,
			);
			path = Artifacts;
			sourceTree = "<group>";
		};
		9D465DE048B61228EDD387DE /* DesignSystem */ = {
			isa = PBXGroup;
			children = (
				DD75849C6BB53F8B47F8325C /* Components.swift */,
				64B6E0FD9BA826A3F02D7E36 /* Theme.swift */,
			);
			path = DesignSystem;
			sourceTree = "<group>";
		};
		A2388D21327D6102F1DF3A6C /* Features */ = {
			isa = PBXGroup;
			children = (
				784A80F65AA5CE1338A84ECA /* Artifacts */,
				28C7A795083063971FECFE90 /* Chat */,
				F5F183926882B66AB9FA6B58 /* Chats */,
				28DB5337523B16490C4FCFDA /* Code */,
				CE62F74E19C9867565ED1378 /* Environments */,
				A38F818C6AA7E30B0715C2A3 /* ModelPicker */,
				4118DD7F7F65167E9891DC75 /* Repositories */,
				6AEAA69530E745DB58B2B148 /* Session */,
				EE0F09055CD2A31D41EE90F1 /* Settings */,
				F28CDE1A339F62BB561846DC /* Sidebar */,
				4DC46D92A602C1CEA719FB49 /* Skills */,
			);
			path = Features;
			sourceTree = "<group>";
		};
		A38F818C6AA7E30B0715C2A3 /* ModelPicker */ = {
			isa = PBXGroup;
			children = (
				B8106E5F76DA35AFD4295AAE /* ModelPickerSheet.swift */,
			);
			path = ModelPicker;
			sourceTree = "<group>";
		};
		BEEC853C135C65EE5B416209 /* MCP */ = {
			isa = PBXGroup;
			children = (
				00AA8975E3A055B67E0DAB00 /* MCPClient.swift */,
			);
			path = MCP;
			sourceTree = "<group>";
		};
		C7823E9BD1BEB6B52CA5B2B2 /* Models */ = {
			isa = PBXGroup;
			children = (
				D812FC8191F34814215334B8 /* ChatMessage.swift */,
				FC7BCA43880E9109A33BBC1C /* Connector.swift */,
				37A1992BB5D820126EE492D8 /* MCPModels.swift */,
				282E35C4FC638FD1EA4FA8E1 /* ThinkingExtractor.swift */,
			);
			path = Models;
			sourceTree = "<group>";
		};
		CE4192490A392F0552A10930 /* App */ = {
			isa = PBXGroup;
			children = (
				254884501998924F7B66A398 /* Sources */,
			);
			path = App;
			sourceTree = "<group>";
		};
		CE62F74E19C9867565ED1378 /* Environments */ = {
			isa = PBXGroup;
			children = (
				DF1FF3230FA7655038CC5F59 /* EnvironmentPickerSheet.swift */,
				76806D89C27EB33D66D24E73 /* NewEnvironmentView.swift */,
			);
			path = Environments;
			sourceTree = "<group>";
		};
		EE0F09055CD2A31D41EE90F1 /* Settings */ = {
			isa = PBXGroup;
			children = (
				949EDD0121111471C2AC0A8C /* AppSettingsView.swift */,
				3DC382DF7AC83D84427DC45E /* GitHubLinkView.swift */,
				C2249FEDFBBF4309C69820EA /* ServerPairingView.swift */,
			);
			path = Settings;
			sourceTree = "<group>";
		};
		F28CDE1A339F62BB561846DC /* Sidebar */ = {
			isa = PBXGroup;
			children = (
				CC1524128F22DB0BA3766B43 /* CreateProjectSheet.swift */,
				FEF1B3010CD605B163852AB2 /* ProjectDetailView.swift */,
				234B5ACA7E78E33141358F4F /* ProjectsListView.swift */,
				5DD5861A619520CE34EDE32E /* SidebarView.swift */,
			);
			path = Sidebar;
			sourceTree = "<group>";
		};
		F5F183926882B66AB9FA6B58 /* Chats */ = {
			isa = PBXGroup;
			children = (
				66C5E55DAB7DC2D267306816 /* ChatHistory.swift */,
			);
			path = Chats;
			sourceTree = "<group>";
		};
/* End PBXGroup section */

/* Begin PBXNativeTarget section */
		C20AE211CFED688EB5408217 /* AnyProvCode */ = {
			isa = PBXNativeTarget;
			buildConfigurationList = 256B327F6903D0E1A9D1FE92 /* Build configuration list for PBXNativeTarget "AnyProvCode" */;
			buildPhases = (
				331E4D1D13D0D81703CF4A04 /* Sources */,
				2F1F5FC03FB2DD1A0B519D9E /* Frameworks */,
			);
			buildRules = (
			);
			dependencies = (
			);
			name = AnyProvCode;
			packageProductDependencies = (
				6C59306130696FE8086EAD2C /* AnyProvCore */,
			);
			productName = AnyProvCode;
			productReference = 8AB95CA2D58B8D1B57DC3445 /* AnyProvCode.app */;
			productType = "com.apple.product-type.application";
		};
/* End PBXNativeTarget section */

/* Begin PBXProject section */
		3DD962686F19AA07B52E2B2E /* Project object */ = {
			isa = PBXProject;
			attributes = {
				BuildIndependentTargetsInParallel = YES;
				LastUpgradeCheck = 1430;
			};
			buildConfigurationList = E4F98E7DAEC63616823A0263 /* Build configuration list for PBXProject "AnyProvCode" */;
			developmentRegion = en;
			hasScannedForEncodings = 0;
			knownRegions = (
				Base,
				en,
			);
			mainGroup = 08B4D7F979D2D626D9C4AD2E;
			minimizedProjectReferenceProxies = 1;
			packageReferences = (
				7C40E166572C8B0EA9F9090E /* XCLocalSwiftPackageReference "AnyProvCore" */,
			);
			preferredProjectObjectVersion = 77;
			productRefGroup = 00DDE99A7725A4C172CAD435 /* Products */;
			projectDirPath = "";
			projectRoot = "";
			targets = (
				C20AE211CFED688EB5408217 /* AnyProvCode */,
			);
		};
/* End PBXProject section */

/* Begin PBXSourcesBuildPhase section */
		331E4D1D13D0D81703CF4A04 /* Sources */ = {
			isa = PBXSourcesBuildPhase;
			buildActionMask = 2147483647;
			files = (
				6D5E8C9787080633AA65393D /* AddMCPServerView.swift in Sources */,
				1901E570C288A3266B80CF1A /* AddToChatSheet.swift in Sources */,
				2BD3F0F9A23C3766FDA10062 /* AnyProvCodeApp.swift in Sources */,
				B477B1B2F049A7B19404FFFF /* AppSettingsView.swift in Sources */,
				F70ADC34DB177AC4B2CD77AA /* AppState.swift in Sources */,
				BBFF650C97BEFFEC09A83B32 /* ArtifactsListView.swift in Sources */,
				AD0EB3094D0DA95E3872AA4B /* ChatHistory.swift in Sources */,
				695E8929DCEF2FDDFA129A66 /* ChatMessage.swift in Sources */,
				848948C4F1EEB301A83C3D79 /* ChatMessageView.swift in Sources */,
				5CF5E8572633A5FC36BC8242 /* ChatView.swift in Sources */,
				9FAC48DE9158986D00FB374A /* ChatViewModel.swift in Sources */,
				9D3BA6F69E4A9572011B92FA /* CodeHomeView.swift in Sources */,
				0B8DCD82C5B2E302FBDA1C6D /* Components.swift in Sources */,
				3B460C642390516FB36E9EB8 /* Connector.swift in Sources */,
				ECA29A1A476CA5882A34041F /* ConnectorsView.swift in Sources */,
				DBF05579031E76AE0ED744EE /* CreateProjectSheet.swift in Sources */,
				5F2D03CAF7B9B150606F61D5 /* CustomTextSkillEditor.swift in Sources */,
				F4A20A7171EEE8004F609637 /* EnvironmentPickerSheet.swift in Sources */,
				AB7D80B41917DEED642ECA53 /* GitHubLinkView.swift in Sources */,
				E9E2ABD15C129B770C05B6BE /* HealthKitService.swift in Sources */,
				914235505814D382905EF7FD /* InstalledSkillsView.swift in Sources */,
				805424B822BB2ADFAB18667A /* KeychainSecretStore.swift in Sources */,
				85F118C440E66A08BDA95CFF /* MCPClient.swift in Sources */,
				3C5EA84ED9D7D332D677CACB /* MCPManagerView.swift in Sources */,
				7E55C2275B0C2FB672BDF88D /* MCPModels.swift in Sources */,
				83E1D3032D565C3BAB93D52D /* MessageActionsSheet.swift in Sources */,
				D43043E5E1911CCAF185E287 /* ModelPickerSheet.swift in Sources */,
				33D444F857E34029C1DEE311 /* NewEnvironmentView.swift in Sources */,
				E0E3F5C389AC4D1B1F08944F /* NewSessionView.swift in Sources */,
				E0A00B4916BDCFDB1AEABFE6 /* ProjectDetailView.swift in Sources */,
				BB5EF2F381649E2D83F49265 /* ProjectsListView.swift in Sources */,
				E11E8A2895DA45D0D045007B /* RepositoryPickerSheet.swift in Sources */,
				AE7037B930229B619B934E53 /* RootView.swift in Sources */,
				1871C39D82832600F0FB7939 /* ServerPairingView.swift in Sources */,
				81EE656F23C16130693CFDE4 /* SessionConfig.swift in Sources */,
				88C183C4188220E194B30376 /* SessionToolsView.swift in Sources */,
				7F51124470D3240EC797EDA1 /* SessionView.swift in Sources */,
				28D27AF1ED3A0DAC5B220E44 /* SessionViewModel.swift in Sources */,
				B041D44D9D53B5C010182D4E /* SettingsSync.swift in Sources */,
				90C5568049BB88366569444A /* SidebarView.swift in Sources */,
				19248DA2AAAC213F373ADE65 /* SkillDetailView.swift in Sources */,
				AAF87F0EA3728403D350F6A0 /* SkillMarketplaceView.swift in Sources */,
				3CDEC66881C20FCBB1239E95 /* Theme.swift in Sources */,
				6726BE3B73DFDBEB8BA2C3A8 /* ThinkingExtractor.swift in Sources */,
				2BFE9193197A101E63886C03 /* ThoughtProcessView.swift in Sources */,
			);
			runOnlyForDeploymentPostprocessing = 0;
		};
/* End PBXSourcesBuildPhase section */

/* Begin XCBuildConfiguration section */
		0C26C51871FA3C69984FD345 /* Release */ = {
			isa = XCBuildConfiguration;
			buildSettings = {
				ALWAYS_SEARCH_USER_PATHS = NO;
				CLANG_ANALYZER_NONNULL = YES;
				CLANG_ANALYZER_NUMBER_OBJECT_CONVERSION = YES_AGGRESSIVE;
				CLANG_CXX_LANGUAGE_STANDARD = "gnu++14";
				CLANG_CXX_LIBRARY = "libc++";
				CLANG_ENABLE_MODULES = YES;
				CLANG_ENABLE_OBJC_ARC = YES;
				CLANG_ENABLE_OBJC_WEAK = YES;
				CLANG_WARN_BLOCK_CAPTURE_AUTORELEASING = YES;
				CLANG_WARN_BOOL_CONVERSION = YES;
				CLANG_WARN_COMMA = YES;
				CLANG_WARN_CONSTANT_CONVERSION = YES;
				CLANG_WARN_DEPRECATED_OBJC_IMPLEMENTATIONS = YES;
				CLANG_WARN_DIRECT_OBJC_ISA_USAGE = YES_ERROR;
				CLANG_WARN_DOCUMENTATION_COMMENTS = YES;
				CLANG_WARN_EMPTY_BODY = YES;
				CLANG_WARN_ENUM_CONVERSION = YES;
				CLANG_WARN_INFINITE_RECURSION = YES;
				CLANG_WARN_INT_CONVERSION = YES;
				CLANG_WARN_NON_LITERAL_NULL_CONVERSION = YES;
				CLANG_WARN_OBJC_IMPLICIT_RETAIN_SELF = YES;
				CLANG_WARN_OBJC_LITERAL_CONVERSION = YES;
				CLANG_WARN_OBJC_ROOT_CLASS = YES_ERROR;
				CLANG_WARN_QUOTED_INCLUDE_IN_FRAMEWORK_HEADER = YES;
				CLANG_WARN_RANGE_LOOP_ANALYSIS = YES;
				CLANG_WARN_STRICT_PROTOTYPES = YES;
				CLANG_WARN_SUSPICIOUS_MOVE = YES;
				CLANG_WARN_UNGUARDED_AVAILABILITY = YES_AGGRESSIVE;
				CLANG_WARN_UNREACHABLE_CODE = YES;
				CLANG_WARN__DUPLICATE_METHOD_MATCH = YES;
				COPY_PHASE_STRIP = NO;
				DEBUG_INFORMATION_FORMAT = "dwarf-with-dsym";
				ENABLE_NS_ASSERTIONS = NO;
				ENABLE_STRICT_OBJC_MSGSEND = YES;
				GCC_C_LANGUAGE_STANDARD = gnu11;
				GCC_NO_COMMON_BLOCKS = YES;
				GCC_WARN_64_TO_32_BIT_CONVERSION = YES;
				GCC_WARN_ABOUT_RETURN_TYPE = YES_ERROR;
				GCC_WARN_UNDECLARED_SELECTOR = YES;
				GCC_WARN_UNINITIALIZED_AUTOS = YES_AGGRESSIVE;
				GCC_WARN_UNUSED_FUNCTION = YES;
				GCC_WARN_UNUSED_VARIABLE = YES;
				IPHONEOS_DEPLOYMENT_TARGET = 17.0;
				MTL_ENABLE_DEBUG_INFO = NO;
				MTL_FAST_MATH = YES;
				PRODUCT_NAME = "$(TARGET_NAME)";
				SDKROOT = iphoneos;
				SWIFT_COMPILATION_MODE = wholemodule;
				SWIFT_OPTIMIZATION_LEVEL = "-O";
				SWIFT_VERSION = 5.0;
			};
			name = Release;
		};
		6F7B2366AAF9E9E5FA80D5F2 /* Debug */ = {
			isa = XCBuildConfiguration;
			buildSettings = {
				ALWAYS_SEARCH_USER_PATHS = NO;
				CLANG_ANALYZER_NONNULL = YES;
				CLANG_ANALYZER_NUMBER_OBJECT_CONVERSION = YES_AGGRESSIVE;
				CLANG_CXX_LANGUAGE_STANDARD = "gnu++14";
				CLANG_CXX_LIBRARY = "libc++";
				CLANG_ENABLE_MODULES = YES;
				CLANG_ENABLE_OBJC_ARC = YES;
				CLANG_ENABLE_OBJC_WEAK = YES;
				CLANG_WARN_BLOCK_CAPTURE_AUTORELEASING = YES;
				CLANG_WARN_BOOL_CONVERSION = YES;
				CLANG_WARN_COMMA = YES;
				CLANG_WARN_CONSTANT_CONVERSION = YES;
				CLANG_WARN_DEPRECATED_OBJC_IMPLEMENTATIONS = YES;
				CLANG_WARN_DIRECT_OBJC_ISA_USAGE = YES_ERROR;
				CLANG_WARN_DOCUMENTATION_COMMENTS = YES;
				CLANG_WARN_EMPTY_BODY = YES;
				CLANG_WARN_ENUM_CONVERSION = YES;
				CLANG_WARN_INFINITE_RECURSION = YES;
				CLANG_WARN_INT_CONVERSION = YES;
				CLANG_WARN_NON_LITERAL_NULL_CONVERSION = YES;
				CLANG_WARN_OBJC_IMPLICIT_RETAIN_SELF = YES;
				CLANG_WARN_OBJC_LITERAL_CONVERSION = YES;
				CLANG_WARN_OBJC_ROOT_CLASS = YES_ERROR;
				CLANG_WARN_QUOTED_INCLUDE_IN_FRAMEWORK_HEADER = YES;
				CLANG_WARN_RANGE_LOOP_ANALYSIS = YES;
				CLANG_WARN_STRICT_PROTOTYPES = YES;
				CLANG_WARN_SUSPICIOUS_MOVE = YES;
				CLANG_WARN_UNGUARDED_AVAILABILITY = YES_AGGRESSIVE;
				CLANG_WARN_UNREACHABLE_CODE = YES;
				CLANG_WARN__DUPLICATE_METHOD_MATCH = YES;
				COPY_PHASE_STRIP = NO;
				DEBUG_INFORMATION_FORMAT = dwarf;
				ENABLE_STRICT_OBJC_MSGSEND = YES;
				ENABLE_TESTABILITY = YES;
				GCC_C_LANGUAGE_STANDARD = gnu11;
				GCC_DYNAMIC_NO_PIC = NO;
				GCC_NO_COMMON_BLOCKS = YES;
				GCC_OPTIMIZATION_LEVEL = 0;
				GCC_PREPROCESSOR_DEFINITIONS = (
					"$(inherited)",
					"DEBUG=1",
				);
				GCC_WARN_64_TO_32_BIT_CONVERSION = YES;
				GCC_WARN_ABOUT_RETURN_TYPE = YES_ERROR;
				GCC_WARN_UNDECLARED_SELECTOR = YES;
				GCC_WARN_UNINITIALIZED_AUTOS = YES_AGGRESSIVE;
				GCC_WARN_UNUSED_FUNCTION = YES;
				GCC_WARN_UNUSED_VARIABLE = YES;
				IPHONEOS_DEPLOYMENT_TARGET = 17.0;
				MTL_ENABLE_DEBUG_INFO = INCLUDE_SOURCE;
				MTL_FAST_MATH = YES;
				ONLY_ACTIVE_ARCH = YES;
				PRODUCT_NAME = "$(TARGET_NAME)";
				SDKROOT = iphoneos;
				SWIFT_ACTIVE_COMPILATION_CONDITIONS = DEBUG;
				SWIFT_OPTIMIZATION_LEVEL = "-Onone";
				SWIFT_VERSION = 5.0;
			};
			name = Debug;
		};
		746F2A271712231F0380E769 /* Release */ = {
			isa = XCBuildConfiguration;
			buildSettings = {
				ASSETCATALOG_COMPILER_APPICON_NAME = AppIcon;
				CODE_SIGN_ENTITLEMENTS = App/AnyProvCode.entitlements;
				CODE_SIGN_IDENTITY = "iPhone Developer";
				CURRENT_PROJECT_VERSION = 1;
				DEVELOPMENT_TEAM = 4JBMBNGPK7;
				INFOPLIST_FILE = App/Info.plist;
				INFOPLIST_KEY_CFBundleDisplayName = "AnyProv Cods";
				INFOPLIST_KEY_LSApplicationCategoryType = "public.app-category.developer-tools";
				LD_RUNPATH_SEARCH_PATHS = (
					"$(inherited)",
					"@executable_path/Frameworks",
				);
				MARKETING_VERSION = 0.1.0;
				PRODUCT_BUNDLE_IDENTIFIER = com.anyprovcode.app;
				SDKROOT = iphoneos;
				SWIFT_VERSION = 5.9;
				TARGETED_DEVICE_FAMILY = "1,2";
			};
			name = Release;
		};
		D5B7053D7F47178427472AD8 /* Debug */ = {
			isa = XCBuildConfiguration;
			buildSettings = {
				ASSETCATALOG_COMPILER_APPICON_NAME = AppIcon;
				CODE_SIGN_ENTITLEMENTS = App/AnyProvCode.entitlements;
				CODE_SIGN_IDENTITY = "iPhone Developer";
				CURRENT_PROJECT_VERSION = 1;
				DEVELOPMENT_TEAM = 4JBMBNGPK7;
				INFOPLIST_FILE = App/Info.plist;
				INFOPLIST_KEY_CFBundleDisplayName = "AnyProv Cods";
				INFOPLIST_KEY_LSApplicationCategoryType = "public.app-category.developer-tools";
				LD_RUNPATH_SEARCH_PATHS = (
					"$(inherited)",
					"@executable_path/Frameworks",
				);
				MARKETING_VERSION = 0.1.0;
				PRODUCT_BUNDLE_IDENTIFIER = com.anyprovcode.app;
				SDKROOT = iphoneos;
				SWIFT_VERSION = 5.9;
				TARGETED_DEVICE_FAMILY = "1,2";
			};
			name = Debug;
		};
/* End XCBuildConfiguration section */

/* Begin XCConfigurationList section */
		256B327F6903D0E1A9D1FE92 /* Build configuration list for PBXNativeTarget "AnyProvCode" */ = {
			isa = XCConfigurationList;
			buildConfigurations = (
				D5B7053D7F47178427472AD8 /* Debug */,
				746F2A271712231F0380E769 /* Release */,
			);
			defaultConfigurationIsVisible = 0;
			defaultConfigurationName = Debug;
		};
		E4F98E7DAEC63616823A0263 /* Build configuration list for PBXProject "AnyProvCode" */ = {
			isa = XCConfigurationList;
			buildConfigurations = (
				6F7B2366AAF9E9E5FA80D5F2 /* Debug */,
				0C26C51871FA3C69984FD345 /* Release */,
			);
			defaultConfigurationIsVisible = 0;
			defaultConfigurationName = Debug;
		};
/* End XCConfigurationList section */

/* Begin XCLocalSwiftPackageReference section */
		7C40E166572C8B0EA9F9090E /* XCLocalSwiftPackageReference "AnyProvCore" */ = {
			isa = XCLocalSwiftPackageReference;
			relativePath = AnyProvCore;
		};
/* End XCLocalSwiftPackageReference section */

/* Begin XCSwiftPackageProductDependency section */
		6C59306130696FE8086EAD2C /* AnyProvCore */ = {
			isa = XCSwiftPackageProductDependency;
			productName = AnyProvCore;
		};
/* End XCSwiftPackageProductDependency section */
	};
	rootObject = 3DD962686F19AA07B52E2B2E /* Project object */;
}
