// !$*UTF8*$!
{
	archiveVersion = 1;
	classes = {
	};
	objectVersion = 77;
	objects = {

/* Begin PBXBuildFile section */
		01D4C6B77A98CDBE15A77B93 /* EnvironmentConnectionPill.swift in Sources */ = {isa = PBXBuildFile; fileRef = 00482B94AAAA8FBBA11E3376 /* EnvironmentConnectionPill.swift */; };
		0BD63F8C420A7AF0EC127CAD /* VisionAnalysisSheet.swift in Sources */ = {isa = PBXBuildFile; fileRef = EBBE876A7FF304088B7D840B /* VisionAnalysisSheet.swift */; };
		0F9F264E98A20FBB2321484D /* Components.swift in Sources */ = {isa = PBXBuildFile; fileRef = 2C612A077CFA5E9706DDE478 /* Components.swift */; };
		0FA33005FF1EA57D6C7720DA /* PreviewSheets.swift in Sources */ = {isa = PBXBuildFile; fileRef = 0EEA0F2AF8F4501BEDC60A43 /* PreviewSheets.swift */; };
		10785FC912D828B54D0CA9C2 /* MCPModels.swift in Sources */ = {isa = PBXBuildFile; fileRef = CDA649645D703A39E9748878 /* MCPModels.swift */; };
		10AAF25095AC452BA1FD0DD0 /* MCPClient.swift in Sources */ = {isa = PBXBuildFile; fileRef = D230B9F51D75E89A405C3BF3 /* MCPClient.swift */; };
		134B30E3A9BB533512F39F10 /* EffortControl.swift in Sources */ = {isa = PBXBuildFile; fileRef = 9F23A293EB603F8177A4BC32 /* EffortControl.swift */; };
		16A3DC253AF1FCFE73C4665B /* LocalMetalSettingsView.swift in Sources */ = {isa = PBXBuildFile; fileRef = 0488D31DC51D418A77951AF0 /* LocalMetalSettingsView.swift */; };
		16D66A8316B4BFFBEC977430 /* RepositoryPickerSheet.swift in Sources */ = {isa = PBXBuildFile; fileRef = 78947708BC5CF4A0CA24C4D1 /* RepositoryPickerSheet.swift */; };
		17152AB8D610B58E92DFA8D4 /* AnyProvCore in Frameworks */ = {isa = PBXBuildFile; productRef = E59226835378A9756EBABF4E /* AnyProvCore */; };
		18B1C483F46BDEFDE38641B7 /* ManageMemoryView.swift in Sources */ = {isa = PBXBuildFile; fileRef = EF29BB9C80614F60CE7FE3BC /* ManageMemoryView.swift */; };
		197E2F22E0E69F8E833E0DA1 /* WebSearchService.swift in Sources */ = {isa = PBXBuildFile; fileRef = 642F7187190DEFDEA2EEFF8F /* WebSearchService.swift */; };
		2398F2D9DEFAB30E563EFDE4 /* MarkdownUI in Frameworks */ = {isa = PBXBuildFile; productRef = 2D99470705B13E35E7A986AA /* MarkdownUI */; };
		24034F23C829598BFC1928E2 /* SessionToolsView.swift in Sources */ = {isa = PBXBuildFile; fileRef = 3DB448359A73670BD2C9CE4E /* SessionToolsView.swift */; };
		25CC6DFF8C7D6CE7F9B8BC90 /* LightweightTasksSettingsView.swift in Sources */ = {isa = PBXBuildFile; fileRef = 2FE68F1DAA0C250A79E1B5BC /* LightweightTasksSettingsView.swift */; };
		28A9F6B7DDDDFC3A8E3C0293 /* Tokenizers in Frameworks */ = {isa = PBXBuildFile; productRef = CFD6CA11DDB6EC47EA1B9E19 /* Tokenizers */; };
		2CAE5AA334818D15EF8EB469 /* ThinkingBlock.swift in Sources */ = {isa = PBXBuildFile; fileRef = 3BCD85FA2F5E2CA2A768ADCE /* ThinkingBlock.swift */; };
		2DAA2C02F49B21D50EE244D1 /* AddMCPServerView.swift in Sources */ = {isa = PBXBuildFile; fileRef = B21156558879C3199211EA9B /* AddMCPServerView.swift */; };
		2E633E1B41EE47C49C457131 /* NewSessionView.swift in Sources */ = {isa = PBXBuildFile; fileRef = B74121FB5885E335A9228ED7 /* NewSessionView.swift */; };
		2EADA66F64D17AA5AF37EE0D /* MessageActionsSheet.swift in Sources */ = {isa = PBXBuildFile; fileRef = 24CFEE5C23426A13DE105C65 /* MessageActionsSheet.swift */; };
		2FAAD0993E89963F6E79FCB6 /* SettingsSync.swift in Sources */ = {isa = PBXBuildFile; fileRef = 4192F283DEF2944AB3E2408D /* SettingsSync.swift */; };
		311472157E5C2E9BE4563015 /* SidebarView.swift in Sources */ = {isa = PBXBuildFile; fileRef = 72C7049BDBB6EF96FE980980 /* SidebarView.swift */; };
		3CB1CBBA03B5C44C8CCEDA1E /* MLXLLM in Frameworks */ = {isa = PBXBuildFile; productRef = AC506C7E1DE9F4DDE06820D3 /* MLXLLM */; };
		3DD0274AAB5E0E102524E5F0 /* ArtifactsListView.swift in Sources */ = {isa = PBXBuildFile; fileRef = A6A95127C5BFE0B1A3D8E936 /* ArtifactsListView.swift */; };
		3EEF97B224CEA56CD57F390D /* SessionConfig.swift in Sources */ = {isa = PBXBuildFile; fileRef = 95F026FC53F51E9052C51D8F /* SessionConfig.swift */; };
		3F17D0BFE5400F32F087609C /* MCPManagerView.swift in Sources */ = {isa = PBXBuildFile; fileRef = 59A150F43D1E9FDA0582F1D1 /* MCPManagerView.swift */; };
		46A047E6FED7E63336661EAF /* CommitMessageGenerator.swift in Sources */ = {isa = PBXBuildFile; fileRef = B89BFB05BF361A8DD367AA72 /* CommitMessageGenerator.swift */; };
		4FF1A1192D402F4D2FBE5BB6 /* ProjectsListView.swift in Sources */ = {isa = PBXBuildFile; fileRef = 561640FC082FF0D370E67D7F /* ProjectsListView.swift */; };
		4FFDD4663BF0D3207EBC377B /* VisionCameraView.swift in Sources */ = {isa = PBXBuildFile; fileRef = 8F72A3DCC3A9EFEECDC1F87E /* VisionCameraView.swift */; };
		5670978AA213B3D0CA568576 /* VisionViewModel.swift in Sources */ = {isa = PBXBuildFile; fileRef = 202CACE06932B56B919C2F2B /* VisionViewModel.swift */; };
		5680EEEC3051CED607D59025 /* VisionView.swift in Sources */ = {isa = PBXBuildFile; fileRef = F95611CEDD7459F3630CA561 /* VisionView.swift */; };
		591E754D6F112466584B2E4C /* MLXHuggingFace in Frameworks */ = {isa = PBXBuildFile; productRef = AC79D15BF4681A0B4814695C /* MLXHuggingFace */; };
		5A085D257944B5DEFA05E551 /* ChatView.swift in Sources */ = {isa = PBXBuildFile; fileRef = 97D590AE5169F52B3602AFDA /* ChatView.swift */; };
		616C97083496C978F093DD01 /* LocationService.swift in Sources */ = {isa = PBXBuildFile; fileRef = 27CD96FF6A01848FB7AB032D /* LocationService.swift */; };
		64349903E9F2D083B113EA55 /* ThinkingSummaryGenerator.swift in Sources */ = {isa = PBXBuildFile; fileRef = E80673DEA840396AA14A4239 /* ThinkingSummaryGenerator.swift */; };
		6439342F9ED5F44B960F4679 /* ChatViewModel.swift in Sources */ = {isa = PBXBuildFile; fileRef = 5DA46F67A64B912EF96B3564 /* ChatViewModel.swift */; };
		6B9FD39719ACE11178A7A720 /* AddToChatSheet.swift in Sources */ = {isa = PBXBuildFile; fileRef = 1349FADCDB582B4D2736BDF3 /* AddToChatSheet.swift */; };
		6BBFC3E78066F24061E984A7 /* MarketplaceSettingsView.swift in Sources */ = {isa = PBXBuildFile; fileRef = FC77BC347FB767D0DF9A306E /* MarketplaceSettingsView.swift */; };
		6DA2A876252014560A0C9CED /* GitHubLinkView.swift in Sources */ = {isa = PBXBuildFile; fileRef = CF79D5B647A003A3C251C452 /* GitHubLinkView.swift */; };
		6FA26358172891361AD1300C /* CreateProjectSheet.swift in Sources */ = {isa = PBXBuildFile; fileRef = 2CC309B1CBCE06B2B87B817E /* CreateProjectSheet.swift */; };
		700E014CCD341EDDA7D512B9 /* MLXLocalEngine.swift in Sources */ = {isa = PBXBuildFile; fileRef = 570F3B4E04D3F5C6746EA4ED /* MLXLocalEngine.swift */; };
		726BE808C3CDAE14C8469A28 /* AppState.swift in Sources */ = {isa = PBXBuildFile; fileRef = 2CE39D7758790AB472C3B6F8 /* AppState.swift */; };
		77DB25EAC5E7F9DB2B788AF8 /* InstalledSkillsView.swift in Sources */ = {isa = PBXBuildFile; fileRef = CD14437A4BB1156B98CF6CA5 /* InstalledSkillsView.swift */; };
		836E7595CC55EAA3000E764B /* PairQRScannerView.swift in Sources */ = {isa = PBXBuildFile; fileRef = 6DB6DBFBC086FFDC5812747F /* PairQRScannerView.swift */; };
		869FB88230A88627086D5D46 /* ConnectorsView.swift in Sources */ = {isa = PBXBuildFile; fileRef = D99BD44C4E44748160F969F2 /* ConnectorsView.swift */; };
		876FA392AD6EE8F4375BB900 /* ChatMessage.swift in Sources */ = {isa = PBXBuildFile; fileRef = 82609865AC46F4B7F3D28E2A /* ChatMessage.swift */; };
		87888C9A7BE04C6DC500F5FF /* HealthKitService.swift in Sources */ = {isa = PBXBuildFile; fileRef = 7314DD24E0D27F540611A62A /* HealthKitService.swift */; };
		89D44AC1D689539FABFDBFF0 /* DeviceConnectionHelpSheet.swift in Sources */ = {isa = PBXBuildFile; fileRef = 9F29C007882429883352B11F /* DeviceConnectionHelpSheet.swift */; };
		8E3770634B11B4B7FA49BA5F /* ThinkingExtractor.swift in Sources */ = {isa = PBXBuildFile; fileRef = 41EC653B2112D19CD32B900B /* ThinkingExtractor.swift */; };
		8E4EABFC31CE85F9B622A5B2 /* SessionViewModel.swift in Sources */ = {isa = PBXBuildFile; fileRef = E34DCFB49FBB1083F4153BE3 /* SessionViewModel.swift */; };
		90A43575BE320BAFB5878F73 /* ProjectDetailView.swift in Sources */ = {isa = PBXBuildFile; fileRef = 4B5DA066A5BD01DEB9765A56 /* ProjectDetailView.swift */; };
		943620D329AE7FE444D4CB77 /* ArtifactTitleGenerator.swift in Sources */ = {isa = PBXBuildFile; fileRef = DAABB70B59FB9D4D0C156BDC /* ArtifactTitleGenerator.swift */; };
		9751B2A27AD8B44A9BF13D34 /* OnboardingWalkthroughView.swift in Sources */ = {isa = PBXBuildFile; fileRef = 66B9C2EEB8E8552185628802 /* OnboardingWalkthroughView.swift */; };
		989BC607D2B12239327C2B38 /* EnvironmentPickerSheet.swift in Sources */ = {isa = PBXBuildFile; fileRef = B17A006370AB289A6F7E65FB /* EnvironmentPickerSheet.swift */; };
		9BEB6B608276558D02A19157 /* LocalMetalMLXBackend.swift in Sources */ = {isa = PBXBuildFile; fileRef = DEFA56B4D35BB15B357CB84F /* LocalMetalMLXBackend.swift */; };
		9E0555B203687F91CE844A6C /* UserMemoryStore.swift in Sources */ = {isa = PBXBuildFile; fileRef = 3CBDE484831A494714ABC122 /* UserMemoryStore.swift */; };
		9F3450394810EF946FCFF592 /* VisionGlowOverlay.swift in Sources */ = {isa = PBXBuildFile; fileRef = 43725A19674AC1D6D6FA085C /* VisionGlowOverlay.swift */; };
		A0B141556AFB826EDB29AD7F /* CodeSocketApp.swift in Sources */ = {isa = PBXBuildFile; fileRef = E1A49F6AD1239B410D9F4FF1 /* CodeSocketApp.swift */; };
		A4B8CA01D386482F650E89CA /* CustomTextSkillEditor.swift in Sources */ = {isa = PBXBuildFile; fileRef = 967D336C175275B35B513A65 /* CustomTextSkillEditor.swift */; };
		A882131944429FDE3A629C0F /* MLXVLM in Frameworks */ = {isa = PBXBuildFile; productRef = 942F7F39FE69001083AD87CD /* MLXVLM */; };
		A8F4A435EFA5242FF485496E /* ChatMessageView.swift in Sources */ = {isa = PBXBuildFile; fileRef = FCCAA1718EDF3184EBED6AFF /* ChatMessageView.swift */; };
		AC891A65F156ADEB64EEE6FF /* SkillMarketplaceView.swift in Sources */ = {isa = PBXBuildFile; fileRef = 9414EE79112175FED1CB0009 /* SkillMarketplaceView.swift */; };
		AEF6C9D4DF69E780C33500D9 /* Highlightr in Frameworks */ = {isa = PBXBuildFile; productRef = 66B5B8651AD0F03447811949 /* Highlightr */; };
		B07976E06661452369173CC5 /* NewEnvironmentView.swift in Sources */ = {isa = PBXBuildFile; fileRef = F83E320CCA9D3176E2163A21 /* NewEnvironmentView.swift */; };
		B186085EFA9028D6A1CAA81B /* AppSettingsView.swift in Sources */ = {isa = PBXBuildFile; fileRef = E701C5B13B9D45CBB48E98F9 /* AppSettingsView.swift */; };
		B4AF9A50515562B4239850DB /* ServerPairingView.swift in Sources */ = {isa = PBXBuildFile; fileRef = 74EE3C6D0EBF1AC3B73F26EC /* ServerPairingView.swift */; };
		B655EF10F3D1985377D978F0 /* ChatHistory.swift in Sources */ = {isa = PBXBuildFile; fileRef = A3CBE4AC709BAD75B77215EA /* ChatHistory.swift */; };
		B6BED1FEBAC5F37972F53A8C /* MarkdownContentView.swift in Sources */ = {isa = PBXBuildFile; fileRef = D857CA083FFE0886C494F88F /* MarkdownContentView.swift */; };
		BA606BA59082F696AB4DCE51 /* Theme.swift in Sources */ = {isa = PBXBuildFile; fileRef = 96B2ECB7D0409FB9C3F59D4B /* Theme.swift */; };
		C7DC6588D2261B643E9F3076 /* SessionView.swift in Sources */ = {isa = PBXBuildFile; fileRef = 073EC35E19DD3213847C1A3D /* SessionView.swift */; };
		C8D261E3EA446468612E2E86 /* RenameChatSheet.swift in Sources */ = {isa = PBXBuildFile; fileRef = FFB2CC93A58C08A1EE543C1D /* RenameChatSheet.swift */; };
		C92C6CFC10288A606551CB83 /* ChatTitleGenerator.swift in Sources */ = {isa = PBXBuildFile; fileRef = F52BDBDA0E4518A8B68443C4 /* ChatTitleGenerator.swift */; };
		CD8D463862D5151A7814DE2B /* LightweightTasksSettings.swift in Sources */ = {isa = PBXBuildFile; fileRef = 9704CB0979385274B4EDF0F6 /* LightweightTasksSettings.swift */; };
		CF1F71D25D87B38ADE583B21 /* RootView.swift in Sources */ = {isa = PBXBuildFile; fileRef = E8E837C98490A934C3D64AA4 /* RootView.swift */; };
		D0595856028B7EB055BEBF40 /* LocalMetalDownloadManager.swift in Sources */ = {isa = PBXBuildFile; fileRef = D9065938CEC511C5958FA680 /* LocalMetalDownloadManager.swift */; };
		D91CC230B16D6BA955E57277 /* HuggingFace in Frameworks */ = {isa = PBXBuildFile; productRef = ABB82BA8978CCD7ADAA52715 /* HuggingFace */; };
		D924A5589FE659F6A77AF4F0 /* SkillDetailView.swift in Sources */ = {isa = PBXBuildFile; fileRef = 40C58BE81B6525AF0CB7451E /* SkillDetailView.swift */; };
		DC138D4634144D030F037A34 /* MLXLMCommon in Frameworks */ = {isa = PBXBuildFile; productRef = DD0EC6E7C3E12CB692EA6B03 /* MLXLMCommon */; };
		DE4F35BD029C954298ED2E6C /* Connector.swift in Sources */ = {isa = PBXBuildFile; fileRef = B568EC2BB525C5BC45813DE2 /* Connector.swift */; };
		E96D8C3BB0C74F08C0126680 /* CodeEditorView.swift in Sources */ = {isa = PBXBuildFile; fileRef = 3533C471D9187C27C550FF5E /* CodeEditorView.swift */; };
		EB13BE1113EE5A58EB224798 /* LightweightTaskRunner.swift in Sources */ = {isa = PBXBuildFile; fileRef = 44417293CBD4061883261275 /* LightweightTaskRunner.swift */; };
		F00BB06F3E73B6E98F23C886 /* ModelPickerSheet.swift in Sources */ = {isa = PBXBuildFile; fileRef = 2FDC26695E8BF89DE70BFA19 /* ModelPickerSheet.swift */; };
		F4BBCAF81C9FD3472CCD4F71 /* ThoughtProcessView.swift in Sources */ = {isa = PBXBuildFile; fileRef = D4400B416E66D780B1887A39 /* ThoughtProcessView.swift */; };
		F9867418D6490FADDEB11D70 /* CodeHomeView.swift in Sources */ = {isa = PBXBuildFile; fileRef = 4A7944336C351A3037BBB721 /* CodeHomeView.swift */; };
		FCD64789786971EB6B178067 /* KeychainSecretStore.swift in Sources */ = {isa = PBXBuildFile; fileRef = 1CA656315FDF3FE224AFA9CB /* KeychainSecretStore.swift */; };
		FF76EFA3B5F7C6B7DDB077F6 /* VisionCapability.swift in Sources */ = {isa = PBXBuildFile; fileRef = 8630299E9484BECDF2165FC8 /* VisionCapability.swift */; };
/* End PBXBuildFile section */

/* Begin PBXFileReference section */
		00482B94AAAA8FBBA11E3376 /* EnvironmentConnectionPill.swift */ = {isa = PBXFileReference; lastKnownFileType = sourcecode.swift; path = EnvironmentConnectionPill.swift; sourceTree = "<group>"; };
		0488D31DC51D418A77951AF0 /* LocalMetalSettingsView.swift */ = {isa = PBXFileReference; lastKnownFileType = sourcecode.swift; path = LocalMetalSettingsView.swift; sourceTree = "<group>"; };
		073EC35E19DD3213847C1A3D /* SessionView.swift */ = {isa = PBXFileReference; lastKnownFileType = sourcecode.swift; path = SessionView.swift; sourceTree = "<group>"; };
		0EEA0F2AF8F4501BEDC60A43 /* PreviewSheets.swift */ = {isa = PBXFileReference; lastKnownFileType = sourcecode.swift; path = PreviewSheets.swift; sourceTree = "<group>"; };
		1349FADCDB582B4D2736BDF3 /* AddToChatSheet.swift */ = {isa = PBXFileReference; lastKnownFileType = sourcecode.swift; path = AddToChatSheet.swift; sourceTree = "<group>"; };
		1CA656315FDF3FE224AFA9CB /* KeychainSecretStore.swift */ = {isa = PBXFileReference; lastKnownFileType = sourcecode.swift; path = KeychainSecretStore.swift; sourceTree = "<group>"; };
		202CACE06932B56B919C2F2B /* VisionViewModel.swift */ = {isa = PBXFileReference; lastKnownFileType = sourcecode.swift; path = VisionViewModel.swift; sourceTree = "<group>"; };
		24CFEE5C23426A13DE105C65 /* MessageActionsSheet.swift */ = {isa = PBXFileReference; lastKnownFileType = sourcecode.swift; path = MessageActionsSheet.swift; sourceTree = "<group>"; };
		27CD96FF6A01848FB7AB032D /* LocationService.swift */ = {isa = PBXFileReference; lastKnownFileType = sourcecode.swift; path = LocationService.swift; sourceTree = "<group>"; };
		2988BAACE2DAB254188A7E59 /* CodeSocket.app */ = {isa = PBXFileReference; includeInIndex = 0; lastKnownFileType = wrapper.application; path = CodeSocket.app; sourceTree = BUILT_PRODUCTS_DIR; };
		2C612A077CFA5E9706DDE478 /* Components.swift */ = {isa = PBXFileReference; lastKnownFileType = sourcecode.swift; path = Components.swift; sourceTree = "<group>"; };
		2CC309B1CBCE06B2B87B817E /* CreateProjectSheet.swift */ = {isa = PBXFileReference; lastKnownFileType = sourcecode.swift; path = CreateProjectSheet.swift; sourceTree = "<group>"; };
		2CE39D7758790AB472C3B6F8 /* AppState.swift */ = {isa = PBXFileReference; lastKnownFileType = sourcecode.swift; path = AppState.swift; sourceTree = "<group>"; };
		2FDC26695E8BF89DE70BFA19 /* ModelPickerSheet.swift */ = {isa = PBXFileReference; lastKnownFileType = sourcecode.swift; path = ModelPickerSheet.swift; sourceTree = "<group>"; };
		2FE68F1DAA0C250A79E1B5BC /* LightweightTasksSettingsView.swift */ = {isa = PBXFileReference; lastKnownFileType = sourcecode.swift; path = LightweightTasksSettingsView.swift; sourceTree = "<group>"; };
		3533C471D9187C27C550FF5E /* CodeEditorView.swift */ = {isa = PBXFileReference; lastKnownFileType = sourcecode.swift; path = CodeEditorView.swift; sourceTree = "<group>"; };
		3BCD85FA2F5E2CA2A768ADCE /* ThinkingBlock.swift */ = {isa = PBXFileReference; lastKnownFileType = sourcecode.swift; path = ThinkingBlock.swift; sourceTree = "<group>"; };
		3CBDE484831A494714ABC122 /* UserMemoryStore.swift */ = {isa = PBXFileReference; lastKnownFileType = sourcecode.swift; path = UserMemoryStore.swift; sourceTree = "<group>"; };
		3DB448359A73670BD2C9CE4E /* SessionToolsView.swift */ = {isa = PBXFileReference; lastKnownFileType = sourcecode.swift; path = SessionToolsView.swift; sourceTree = "<group>"; };
		40C58BE81B6525AF0CB7451E /* SkillDetailView.swift */ = {isa = PBXFileReference; lastKnownFileType = sourcecode.swift; path = SkillDetailView.swift; sourceTree = "<group>"; };
		4192F283DEF2944AB3E2408D /* SettingsSync.swift */ = {isa = PBXFileReference; lastKnownFileType = sourcecode.swift; path = SettingsSync.swift; sourceTree = "<group>"; };
		41EC653B2112D19CD32B900B /* ThinkingExtractor.swift */ = {isa = PBXFileReference; lastKnownFileType = sourcecode.swift; path = ThinkingExtractor.swift; sourceTree = "<group>"; };
		43725A19674AC1D6D6FA085C /* VisionGlowOverlay.swift */ = {isa = PBXFileReference; lastKnownFileType = sourcecode.swift; path = VisionGlowOverlay.swift; sourceTree = "<group>"; };
		44417293CBD4061883261275 /* LightweightTaskRunner.swift */ = {isa = PBXFileReference; lastKnownFileType = sourcecode.swift; path = LightweightTaskRunner.swift; sourceTree = "<group>"; };
		4A7944336C351A3037BBB721 /* CodeHomeView.swift */ = {isa = PBXFileReference; lastKnownFileType = sourcecode.swift; path = CodeHomeView.swift; sourceTree = "<group>"; };
		4B5DA066A5BD01DEB9765A56 /* ProjectDetailView.swift */ = {isa = PBXFileReference; lastKnownFileType = sourcecode.swift; path = ProjectDetailView.swift; sourceTree = "<group>"; };
		561640FC082FF0D370E67D7F /* ProjectsListView.swift */ = {isa = PBXFileReference; lastKnownFileType = sourcecode.swift; path = ProjectsListView.swift; sourceTree = "<group>"; };
		570F3B4E04D3F5C6746EA4ED /* MLXLocalEngine.swift */ = {isa = PBXFileReference; lastKnownFileType = sourcecode.swift; path = MLXLocalEngine.swift; sourceTree = "<group>"; };
		59A150F43D1E9FDA0582F1D1 /* MCPManagerView.swift */ = {isa = PBXFileReference; lastKnownFileType = sourcecode.swift; path = MCPManagerView.swift; sourceTree = "<group>"; };
		5DA46F67A64B912EF96B3564 /* ChatViewModel.swift */ = {isa = PBXFileReference; lastKnownFileType = sourcecode.swift; path = ChatViewModel.swift; sourceTree = "<group>"; };
		642F7187190DEFDEA2EEFF8F /* WebSearchService.swift */ = {isa = PBXFileReference; lastKnownFileType = sourcecode.swift; path = WebSearchService.swift; sourceTree = "<group>"; };
		66B9C2EEB8E8552185628802 /* OnboardingWalkthroughView.swift */ = {isa = PBXFileReference; lastKnownFileType = sourcecode.swift; path = OnboardingWalkthroughView.swift; sourceTree = "<group>"; };
		6DB6DBFBC086FFDC5812747F /* PairQRScannerView.swift */ = {isa = PBXFileReference; lastKnownFileType = sourcecode.swift; path = PairQRScannerView.swift; sourceTree = "<group>"; };
		72C7049BDBB6EF96FE980980 /* SidebarView.swift */ = {isa = PBXFileReference; lastKnownFileType = sourcecode.swift; path = SidebarView.swift; sourceTree = "<group>"; };
		7314DD24E0D27F540611A62A /* HealthKitService.swift */ = {isa = PBXFileReference; lastKnownFileType = sourcecode.swift; path = HealthKitService.swift; sourceTree = "<group>"; };
		74EE3C6D0EBF1AC3B73F26EC /* ServerPairingView.swift */ = {isa = PBXFileReference; lastKnownFileType = sourcecode.swift; path = ServerPairingView.swift; sourceTree = "<group>"; };
		78947708BC5CF4A0CA24C4D1 /* RepositoryPickerSheet.swift */ = {isa = PBXFileReference; lastKnownFileType = sourcecode.swift; path = RepositoryPickerSheet.swift; sourceTree = "<group>"; };
		82609865AC46F4B7F3D28E2A /* ChatMessage.swift */ = {isa = PBXFileReference; lastKnownFileType = sourcecode.swift; path = ChatMessage.swift; sourceTree = "<group>"; };
		8630299E9484BECDF2165FC8 /* VisionCapability.swift */ = {isa = PBXFileReference; lastKnownFileType = sourcecode.swift; path = VisionCapability.swift; sourceTree = "<group>"; };
		8F72A3DCC3A9EFEECDC1F87E /* VisionCameraView.swift */ = {isa = PBXFileReference; lastKnownFileType = sourcecode.swift; path = VisionCameraView.swift; sourceTree = "<group>"; };
		9414EE79112175FED1CB0009 /* SkillMarketplaceView.swift */ = {isa = PBXFileReference; lastKnownFileType = sourcecode.swift; path = SkillMarketplaceView.swift; sourceTree = "<group>"; };
		95F026FC53F51E9052C51D8F /* SessionConfig.swift */ = {isa = PBXFileReference; lastKnownFileType = sourcecode.swift; path = SessionConfig.swift; sourceTree = "<group>"; };
		967D336C175275B35B513A65 /* CustomTextSkillEditor.swift */ = {isa = PBXFileReference; lastKnownFileType = sourcecode.swift; path = CustomTextSkillEditor.swift; sourceTree = "<group>"; };
		96B2ECB7D0409FB9C3F59D4B /* Theme.swift */ = {isa = PBXFileReference; lastKnownFileType = sourcecode.swift; path = Theme.swift; sourceTree = "<group>"; };
		9704CB0979385274B4EDF0F6 /* LightweightTasksSettings.swift */ = {isa = PBXFileReference; lastKnownFileType = sourcecode.swift; path = LightweightTasksSettings.swift; sourceTree = "<group>"; };
		97D590AE5169F52B3602AFDA /* ChatView.swift */ = {isa = PBXFileReference; lastKnownFileType = sourcecode.swift; path = ChatView.swift; sourceTree = "<group>"; };
		9F23A293EB603F8177A4BC32 /* EffortControl.swift */ = {isa = PBXFileReference; lastKnownFileType = sourcecode.swift; path = EffortControl.swift; sourceTree = "<group>"; };
		9F29C007882429883352B11F /* DeviceConnectionHelpSheet.swift */ = {isa = PBXFileReference; lastKnownFileType = sourcecode.swift; path = DeviceConnectionHelpSheet.swift; sourceTree = "<group>"; };
		A3CBE4AC709BAD75B77215EA /* ChatHistory.swift */ = {isa = PBXFileReference; lastKnownFileType = sourcecode.swift; path = ChatHistory.swift; sourceTree = "<group>"; };
		A6A95127C5BFE0B1A3D8E936 /* ArtifactsListView.swift */ = {isa = PBXFileReference; lastKnownFileType = sourcecode.swift; path = ArtifactsListView.swift; sourceTree = "<group>"; };
		B17A006370AB289A6F7E65FB /* EnvironmentPickerSheet.swift */ = {isa = PBXFileReference; lastKnownFileType = sourcecode.swift; path = EnvironmentPickerSheet.swift; sourceTree = "<group>"; };
		B21156558879C3199211EA9B /* AddMCPServerView.swift */ = {isa = PBXFileReference; lastKnownFileType = sourcecode.swift; path = AddMCPServerView.swift; sourceTree = "<group>"; };
		B568EC2BB525C5BC45813DE2 /* Connector.swift */ = {isa = PBXFileReference; lastKnownFileType = sourcecode.swift; path = Connector.swift; sourceTree = "<group>"; };
		B74121FB5885E335A9228ED7 /* NewSessionView.swift */ = {isa = PBXFileReference; lastKnownFileType = sourcecode.swift; path = NewSessionView.swift; sourceTree = "<group>"; };
		B89BFB05BF361A8DD367AA72 /* CommitMessageGenerator.swift */ = {isa = PBXFileReference; lastKnownFileType = sourcecode.swift; path = CommitMessageGenerator.swift; sourceTree = "<group>"; };
		CD14437A4BB1156B98CF6CA5 /* InstalledSkillsView.swift */ = {isa = PBXFileReference; lastKnownFileType = sourcecode.swift; path = InstalledSkillsView.swift; sourceTree = "<group>"; };
		CDA649645D703A39E9748878 /* MCPModels.swift */ = {isa = PBXFileReference; lastKnownFileType = sourcecode.swift; path = MCPModels.swift; sourceTree = "<group>"; };
		CF79D5B647A003A3C251C452 /* GitHubLinkView.swift */ = {isa = PBXFileReference; lastKnownFileType = sourcecode.swift; path = GitHubLinkView.swift; sourceTree = "<group>"; };
		D230B9F51D75E89A405C3BF3 /* MCPClient.swift */ = {isa = PBXFileReference; lastKnownFileType = sourcecode.swift; path = MCPClient.swift; sourceTree = "<group>"; };
		D4400B416E66D780B1887A39 /* ThoughtProcessView.swift */ = {isa = PBXFileReference; lastKnownFileType = sourcecode.swift; path = ThoughtProcessView.swift; sourceTree = "<group>"; };
		D857CA083FFE0886C494F88F /* MarkdownContentView.swift */ = {isa = PBXFileReference; lastKnownFileType = sourcecode.swift; path = MarkdownContentView.swift; sourceTree = "<group>"; };
		D9065938CEC511C5958FA680 /* LocalMetalDownloadManager.swift */ = {isa = PBXFileReference; lastKnownFileType = sourcecode.swift; path = LocalMetalDownloadManager.swift; sourceTree = "<group>"; };
		D99BD44C4E44748160F969F2 /* ConnectorsView.swift */ = {isa = PBXFileReference; lastKnownFileType = sourcecode.swift; path = ConnectorsView.swift; sourceTree = "<group>"; };
		DAABB70B59FB9D4D0C156BDC /* ArtifactTitleGenerator.swift */ = {isa = PBXFileReference; lastKnownFileType = sourcecode.swift; path = ArtifactTitleGenerator.swift; sourceTree = "<group>"; };
		DEFA56B4D35BB15B357CB84F /* LocalMetalMLXBackend.swift */ = {isa = PBXFileReference; lastKnownFileType = sourcecode.swift; path = LocalMetalMLXBackend.swift; sourceTree = "<group>"; };
		E1A49F6AD1239B410D9F4FF1 /* CodeSocketApp.swift */ = {isa = PBXFileReference; lastKnownFileType = sourcecode.swift; path = CodeSocketApp.swift; sourceTree = "<group>"; };
		E34DCFB49FBB1083F4153BE3 /* SessionViewModel.swift */ = {isa = PBXFileReference; lastKnownFileType = sourcecode.swift; path = SessionViewModel.swift; sourceTree = "<group>"; };
		E701C5B13B9D45CBB48E98F9 /* AppSettingsView.swift */ = {isa = PBXFileReference; lastKnownFileType = sourcecode.swift; path = AppSettingsView.swift; sourceTree = "<group>"; };
		E80673DEA840396AA14A4239 /* ThinkingSummaryGenerator.swift */ = {isa = PBXFileReference; lastKnownFileType = sourcecode.swift; path = ThinkingSummaryGenerator.swift; sourceTree = "<group>"; };
		E8E837C98490A934C3D64AA4 /* RootView.swift */ = {isa = PBXFileReference; lastKnownFileType = sourcecode.swift; path = RootView.swift; sourceTree = "<group>"; };
		EBBE876A7FF304088B7D840B /* VisionAnalysisSheet.swift */ = {isa = PBXFileReference; lastKnownFileType = sourcecode.swift; path = VisionAnalysisSheet.swift; sourceTree = "<group>"; };
		EF29BB9C80614F60CE7FE3BC /* ManageMemoryView.swift */ = {isa = PBXFileReference; lastKnownFileType = sourcecode.swift; path = ManageMemoryView.swift; sourceTree = "<group>"; };
		F52BDBDA0E4518A8B68443C4 /* ChatTitleGenerator.swift */ = {isa = PBXFileReference; lastKnownFileType = sourcecode.swift; path = ChatTitleGenerator.swift; sourceTree = "<group>"; };
		F562ED4E75E4610E35E94B11 /* AnyProvCore */ = {isa = PBXFileReference; lastKnownFileType = folder; name = AnyProvCore; path = AnyProvCore; sourceTree = SOURCE_ROOT; };
		F83E320CCA9D3176E2163A21 /* NewEnvironmentView.swift */ = {isa = PBXFileReference; lastKnownFileType = sourcecode.swift; path = NewEnvironmentView.swift; sourceTree = "<group>"; };
		F95611CEDD7459F3630CA561 /* VisionView.swift */ = {isa = PBXFileReference; lastKnownFileType = sourcecode.swift; path = VisionView.swift; sourceTree = "<group>"; };
		FC77BC347FB767D0DF9A306E /* MarketplaceSettingsView.swift */ = {isa = PBXFileReference; lastKnownFileType = sourcecode.swift; path = MarketplaceSettingsView.swift; sourceTree = "<group>"; };
		FCCAA1718EDF3184EBED6AFF /* ChatMessageView.swift */ = {isa = PBXFileReference; lastKnownFileType = sourcecode.swift; path = ChatMessageView.swift; sourceTree = "<group>"; };
		FFB2CC93A58C08A1EE543C1D /* RenameChatSheet.swift */ = {isa = PBXFileReference; lastKnownFileType = sourcecode.swift; path = RenameChatSheet.swift; sourceTree = "<group>"; };
/* End PBXFileReference section */

/* Begin PBXFrameworksBuildPhase section */
		3EF3AB947C640CFB686B6396 /* Frameworks */ = {
			isa = PBXFrameworksBuildPhase;
			buildActionMask = 2147483647;
			files = (
				17152AB8D610B58E92DFA8D4 /* AnyProvCore in Frameworks */,
				2398F2D9DEFAB30E563EFDE4 /* MarkdownUI in Frameworks */,
				AEF6C9D4DF69E780C33500D9 /* Highlightr in Frameworks */,
				3CB1CBBA03B5C44C8CCEDA1E /* MLXLLM in Frameworks */,
				A882131944429FDE3A629C0F /* MLXVLM in Frameworks */,
				DC138D4634144D030F037A34 /* MLXLMCommon in Frameworks */,
				591E754D6F112466584B2E4C /* MLXHuggingFace in Frameworks */,
				D91CC230B16D6BA955E57277 /* HuggingFace in Frameworks */,
				28A9F6B7DDDDFC3A8E3C0293 /* Tokenizers in Frameworks */,
			);
			runOnlyForDeploymentPostprocessing = 0;
		};
/* End PBXFrameworksBuildPhase section */

/* Begin PBXGroup section */
		0087CBE0ACF23A0A0DED1682 /* LightweightTasks */ = {
			isa = PBXGroup;
			children = (
				44417293CBD4061883261275 /* LightweightTaskRunner.swift */,
				9704CB0979385274B4EDF0F6 /* LightweightTasksSettings.swift */,
				2FE68F1DAA0C250A79E1B5BC /* LightweightTasksSettingsView.swift */,
				66B9C2EEB8E8552185628802 /* OnboardingWalkthroughView.swift */,
			);
			path = LightweightTasks;
			sourceTree = "<group>";
		};
		12B1C72999A3F74A7031471F /* MCP */ = {
			isa = PBXGroup;
			children = (
				D230B9F51D75E89A405C3BF3 /* MCPClient.swift */,
			);
			path = MCP;
			sourceTree = "<group>";
		};
		1EFF5A4D4BC22B786E42940C /* Packages */ = {
			isa = PBXGroup;
			children = (
				F562ED4E75E4610E35E94B11 /* AnyProvCore */,
			);
			name = Packages;
			sourceTree = "<group>";
		};
		2A94C8F92619A32D3D2D0A5F /* Sources */ = {
			isa = PBXGroup;
			children = (
				C1B09A6331C1BB0E63E5F457 /* App */,
				4615997F0AA008FB07186D2C /* DesignSystem */,
				4056646ABE3EEE888CD1F111 /* Features */,
			);
			path = Sources;
			sourceTree = "<group>";
		};
		2CD04750CF22E95B18341FCD /* Sidebar */ = {
			isa = PBXGroup;
			children = (
				2CC309B1CBCE06B2B87B817E /* CreateProjectSheet.swift */,
				4B5DA066A5BD01DEB9765A56 /* ProjectDetailView.swift */,
				561640FC082FF0D370E67D7F /* ProjectsListView.swift */,
				72C7049BDBB6EF96FE980980 /* SidebarView.swift */,
			);
			path = Sidebar;
			sourceTree = "<group>";
		};
		37464068E1E15E5470D5DE99 /* LocalMetal */ = {
			isa = PBXGroup;
			children = (
				D9065938CEC511C5958FA680 /* LocalMetalDownloadManager.swift */,
				DEFA56B4D35BB15B357CB84F /* LocalMetalMLXBackend.swift */,
				570F3B4E04D3F5C6746EA4ED /* MLXLocalEngine.swift */,
			);
			path = LocalMetal;
			sourceTree = "<group>";
		};
		3CAC690C16A4F0B7B599552E /* Session */ = {
			isa = PBXGroup;
			children = (
				B89BFB05BF361A8DD367AA72 /* CommitMessageGenerator.swift */,
				B74121FB5885E335A9228ED7 /* NewSessionView.swift */,
				95F026FC53F51E9052C51D8F /* SessionConfig.swift */,
				3DB448359A73670BD2C9CE4E /* SessionToolsView.swift */,
				073EC35E19DD3213847C1A3D /* SessionView.swift */,
				E34DCFB49FBB1083F4153BE3 /* SessionViewModel.swift */,
			);
			path = Session;
			sourceTree = "<group>";
		};
		3D30837BF2BE90B6F1AB0DC2 /* App */ = {
			isa = PBXGroup;
			children = (
				2A94C8F92619A32D3D2D0A5F /* Sources */,
			);
			path = App;
			sourceTree = "<group>";
		};
		4056646ABE3EEE888CD1F111 /* Features */ = {
			isa = PBXGroup;
			children = (
				9CF9F2FD01489F3051AC335A /* Artifacts */,
				85CDFE318E006A1ED9CE66A5 /* Chat */,
				50AC1609E420D09A554587CB /* Chats */,
				C0389C97A8B67764C69842A3 /* Code */,
				4BC0B892EDA970D8781CF1E4 /* Environments */,
				0087CBE0ACF23A0A0DED1682 /* LightweightTasks */,
				96E8D5F3134A8DAB77B02293 /* ModelPicker */,
				62AB65A0B7F16C321D1CAC42 /* Repositories */,
				3CAC690C16A4F0B7B599552E /* Session */,
				5EF7AF7CAE4709EBBDDB64CB /* Settings */,
				2CD04750CF22E95B18341FCD /* Sidebar */,
				B9B0D3E1741825A6A49D6152 /* Skills */,
				64B2E3934383B26308C3393D /* Vision */,
			);
			path = Features;
			sourceTree = "<group>";
		};
		4615997F0AA008FB07186D2C /* DesignSystem */ = {
			isa = PBXGroup;
			children = (
				3533C471D9187C27C550FF5E /* CodeEditorView.swift */,
				2C612A077CFA5E9706DDE478 /* Components.swift */,
				9F23A293EB603F8177A4BC32 /* EffortControl.swift */,
				00482B94AAAA8FBBA11E3376 /* EnvironmentConnectionPill.swift */,
				D857CA083FFE0886C494F88F /* MarkdownContentView.swift */,
				0EEA0F2AF8F4501BEDC60A43 /* PreviewSheets.swift */,
				96B2ECB7D0409FB9C3F59D4B /* Theme.swift */,
			);
			path = DesignSystem;
			sourceTree = "<group>";
		};
		4BC0B892EDA970D8781CF1E4 /* Environments */ = {
			isa = PBXGroup;
			children = (
				B17A006370AB289A6F7E65FB /* EnvironmentPickerSheet.swift */,
				F83E320CCA9D3176E2163A21 /* NewEnvironmentView.swift */,
			);
			path = Environments;
			sourceTree = "<group>";
		};
		50AC1609E420D09A554587CB /* Chats */ = {
			isa = PBXGroup;
			children = (
				A3CBE4AC709BAD75B77215EA /* ChatHistory.swift */,
				F52BDBDA0E4518A8B68443C4 /* ChatTitleGenerator.swift */,
				FFB2CC93A58C08A1EE543C1D /* RenameChatSheet.swift */,
			);
			path = Chats;
			sourceTree = "<group>";
		};
		5174FF7C6656B6442FF40B71 /* Search */ = {
			isa = PBXGroup;
			children = (
				642F7187190DEFDEA2EEFF8F /* WebSearchService.swift */,
			);
			path = Search;
			sourceTree = "<group>";
		};
		5EF7AF7CAE4709EBBDDB64CB /* Settings */ = {
			isa = PBXGroup;
			children = (
				E701C5B13B9D45CBB48E98F9 /* AppSettingsView.swift */,
				CF79D5B647A003A3C251C452 /* GitHubLinkView.swift */,
				0488D31DC51D418A77951AF0 /* LocalMetalSettingsView.swift */,
				EF29BB9C80614F60CE7FE3BC /* ManageMemoryView.swift */,
				FC77BC347FB767D0DF9A306E /* MarketplaceSettingsView.swift */,
				6DB6DBFBC086FFDC5812747F /* PairQRScannerView.swift */,
				74EE3C6D0EBF1AC3B73F26EC /* ServerPairingView.swift */,
				3CBDE484831A494714ABC122 /* UserMemoryStore.swift */,
			);
			path = Settings;
			sourceTree = "<group>";
		};
		62AB65A0B7F16C321D1CAC42 /* Repositories */ = {
			isa = PBXGroup;
			children = (
				78947708BC5CF4A0CA24C4D1 /* RepositoryPickerSheet.swift */,
			);
			path = Repositories;
			sourceTree = "<group>";
		};
		64B2E3934383B26308C3393D /* Vision */ = {
			isa = PBXGroup;
			children = (
				EBBE876A7FF304088B7D840B /* VisionAnalysisSheet.swift */,
				8F72A3DCC3A9EFEECDC1F87E /* VisionCameraView.swift */,
				8630299E9484BECDF2165FC8 /* VisionCapability.swift */,
				43725A19674AC1D6D6FA085C /* VisionGlowOverlay.swift */,
				F95611CEDD7459F3630CA561 /* VisionView.swift */,
				202CACE06932B56B919C2F2B /* VisionViewModel.swift */,
			);
			path = Vision;
			sourceTree = "<group>";
		};
		85CDFE318E006A1ED9CE66A5 /* Chat */ = {
			isa = PBXGroup;
			children = (
				1349FADCDB582B4D2736BDF3 /* AddToChatSheet.swift */,
				FCCAA1718EDF3184EBED6AFF /* ChatMessageView.swift */,
				97D590AE5169F52B3602AFDA /* ChatView.swift */,
				5DA46F67A64B912EF96B3564 /* ChatViewModel.swift */,
				D99BD44C4E44748160F969F2 /* ConnectorsView.swift */,
				24CFEE5C23426A13DE105C65 /* MessageActionsSheet.swift */,
				3BCD85FA2F5E2CA2A768ADCE /* ThinkingBlock.swift */,
				D4400B416E66D780B1887A39 /* ThoughtProcessView.swift */,
				BA94AED84622310D515DA3C9 /* Health */,
				37464068E1E15E5470D5DE99 /* LocalMetal */,
				95A335E0E5CFA757477450D7 /* Location */,
				12B1C72999A3F74A7031471F /* MCP */,
				90E1683C839FCE753D3ECA6F /* Models */,
				5174FF7C6656B6442FF40B71 /* Search */,
			);
			path = Chat;
			sourceTree = "<group>";
		};
		90E1683C839FCE753D3ECA6F /* Models */ = {
			isa = PBXGroup;
			children = (
				82609865AC46F4B7F3D28E2A /* ChatMessage.swift */,
				B568EC2BB525C5BC45813DE2 /* Connector.swift */,
				CDA649645D703A39E9748878 /* MCPModels.swift */,
				41EC653B2112D19CD32B900B /* ThinkingExtractor.swift */,
				E80673DEA840396AA14A4239 /* ThinkingSummaryGenerator.swift */,
			);
			path = Models;
			sourceTree = "<group>";
		};
		95A335E0E5CFA757477450D7 /* Location */ = {
			isa = PBXGroup;
			children = (
				27CD96FF6A01848FB7AB032D /* LocationService.swift */,
			);
			path = Location;
			sourceTree = "<group>";
		};
		96E8D5F3134A8DAB77B02293 /* ModelPicker */ = {
			isa = PBXGroup;
			children = (
				2FDC26695E8BF89DE70BFA19 /* ModelPickerSheet.swift */,
			);
			path = ModelPicker;
			sourceTree = "<group>";
		};
		9CF9F2FD01489F3051AC335A /* Artifacts */ = {
			isa = PBXGroup;
			children = (
				A6A95127C5BFE0B1A3D8E936 /* ArtifactsListView.swift */,
				DAABB70B59FB9D4D0C156BDC /* ArtifactTitleGenerator.swift */,
			);
			path = Artifacts;
			sourceTree = "<group>";
		};
		B34CE81D511B703944677604 = {
			isa = PBXGroup;
			children = (
				3D30837BF2BE90B6F1AB0DC2 /* App */,
				1EFF5A4D4BC22B786E42940C /* Packages */,
				C0045073F349686BE8CED912 /* Products */,
			);
			sourceTree = "<group>";
		};
		B9B0D3E1741825A6A49D6152 /* Skills */ = {
			isa = PBXGroup;
			children = (
				B21156558879C3199211EA9B /* AddMCPServerView.swift */,
				967D336C175275B35B513A65 /* CustomTextSkillEditor.swift */,
				CD14437A4BB1156B98CF6CA5 /* InstalledSkillsView.swift */,
				59A150F43D1E9FDA0582F1D1 /* MCPManagerView.swift */,
				40C58BE81B6525AF0CB7451E /* SkillDetailView.swift */,
				9414EE79112175FED1CB0009 /* SkillMarketplaceView.swift */,
			);
			path = Skills;
			sourceTree = "<group>";
		};
		BA94AED84622310D515DA3C9 /* Health */ = {
			isa = PBXGroup;
			children = (
				7314DD24E0D27F540611A62A /* HealthKitService.swift */,
			);
			path = Health;
			sourceTree = "<group>";
		};
		C0045073F349686BE8CED912 /* Products */ = {
			isa = PBXGroup;
			children = (
				2988BAACE2DAB254188A7E59 /* CodeSocket.app */,
			);
			name = Products;
			sourceTree = "<group>";
		};
		C0389C97A8B67764C69842A3 /* Code */ = {
			isa = PBXGroup;
			children = (
				4A7944336C351A3037BBB721 /* CodeHomeView.swift */,
				9F29C007882429883352B11F /* DeviceConnectionHelpSheet.swift */,
			);
			path = Code;
			sourceTree = "<group>";
		};
		C1B09A6331C1BB0E63E5F457 /* App */ = {
			isa = PBXGroup;
			children = (
				2CE39D7758790AB472C3B6F8 /* AppState.swift */,
				E1A49F6AD1239B410D9F4FF1 /* CodeSocketApp.swift */,
				1CA656315FDF3FE224AFA9CB /* KeychainSecretStore.swift */,
				E8E837C98490A934C3D64AA4 /* RootView.swift */,
				4192F283DEF2944AB3E2408D /* SettingsSync.swift */,
			);
			path = App;
			sourceTree = "<group>";
		};
/* End PBXGroup section */

/* Begin PBXNativeTarget section */
		7181E43ABA7EFF97D808E352 /* CodeSocket */ = {
			isa = PBXNativeTarget;
			buildConfigurationList = 1880854BBFA3857ED8B6E787 /* Build configuration list for PBXNativeTarget "CodeSocket" */;
			buildPhases = (
				3FCE224C1ED937277CB3E457 /* Sources */,
				3EF3AB947C640CFB686B6396 /* Frameworks */,
			);
			buildRules = (
			);
			dependencies = (
			);
			name = CodeSocket;
			packageProductDependencies = (
				E59226835378A9756EBABF4E /* AnyProvCore */,
				2D99470705B13E35E7A986AA /* MarkdownUI */,
				66B5B8651AD0F03447811949 /* Highlightr */,
				AC506C7E1DE9F4DDE06820D3 /* MLXLLM */,
				942F7F39FE69001083AD87CD /* MLXVLM */,
				DD0EC6E7C3E12CB692EA6B03 /* MLXLMCommon */,
				AC79D15BF4681A0B4814695C /* MLXHuggingFace */,
				ABB82BA8978CCD7ADAA52715 /* HuggingFace */,
				CFD6CA11DDB6EC47EA1B9E19 /* Tokenizers */,
			);
			productName = CodeSocket;
			productReference = 2988BAACE2DAB254188A7E59 /* CodeSocket.app */;
			productType = "com.apple.product-type.application";
		};
/* End PBXNativeTarget section */

/* Begin PBXProject section */
		3131480E911E2595028305D3 /* Project object */ = {
			isa = PBXProject;
			attributes = {
				BuildIndependentTargetsInParallel = YES;
				LastUpgradeCheck = 1430;
				TargetAttributes = {
					7181E43ABA7EFF97D808E352 = {
						DevelopmentTeam = 4JBMBNGPK7;
					};
				};
			};
			buildConfigurationList = 9262DA383F03C27510D7EDBF /* Build configuration list for PBXProject "CodeSocket" */;
			developmentRegion = en;
			hasScannedForEncodings = 0;
			knownRegions = (
				Base,
				en,
			);
			mainGroup = B34CE81D511B703944677604;
			minimizedProjectReferenceProxies = 1;
			packageReferences = (
				F32899884656FEB474C4914D /* XCRemoteSwiftPackageReference "Highlightr" */,
				092837542553BD33B826288C /* XCRemoteSwiftPackageReference "swift-markdown-ui" */,
				65C2FD9865E75C4914D07C2D /* XCRemoteSwiftPackageReference "mlx-swift-lm" */,
				DA8B8B0030C77A237612BB4E /* XCRemoteSwiftPackageReference "swift-huggingface" */,
				6717D613DBD9CD0C55A11F95 /* XCRemoteSwiftPackageReference "swift-transformers" */,
				0461310C7877D93922A7D180 /* XCLocalSwiftPackageReference "AnyProvCore" */,
			);
			preferredProjectObjectVersion = 77;
			productRefGroup = C0045073F349686BE8CED912 /* Products */;
			projectDirPath = "";
			projectRoot = "";
			targets = (
				7181E43ABA7EFF97D808E352 /* CodeSocket */,
			);
		};
/* End PBXProject section */

/* Begin PBXSourcesBuildPhase section */
		3FCE224C1ED937277CB3E457 /* Sources */ = {
			isa = PBXSourcesBuildPhase;
			buildActionMask = 2147483647;
			files = (
				2DAA2C02F49B21D50EE244D1 /* AddMCPServerView.swift in Sources */,
				6B9FD39719ACE11178A7A720 /* AddToChatSheet.swift in Sources */,
				B186085EFA9028D6A1CAA81B /* AppSettingsView.swift in Sources */,
				726BE808C3CDAE14C8469A28 /* AppState.swift in Sources */,
				943620D329AE7FE444D4CB77 /* ArtifactTitleGenerator.swift in Sources */,
				3DD0274AAB5E0E102524E5F0 /* ArtifactsListView.swift in Sources */,
				B655EF10F3D1985377D978F0 /* ChatHistory.swift in Sources */,
				876FA392AD6EE8F4375BB900 /* ChatMessage.swift in Sources */,
				A8F4A435EFA5242FF485496E /* ChatMessageView.swift in Sources */,
				C92C6CFC10288A606551CB83 /* ChatTitleGenerator.swift in Sources */,
				5A085D257944B5DEFA05E551 /* ChatView.swift in Sources */,
				6439342F9ED5F44B960F4679 /* ChatViewModel.swift in Sources */,
				E96D8C3BB0C74F08C0126680 /* CodeEditorView.swift in Sources */,
				F9867418D6490FADDEB11D70 /* CodeHomeView.swift in Sources */,
				A0B141556AFB826EDB29AD7F /* CodeSocketApp.swift in Sources */,
				46A047E6FED7E63336661EAF /* CommitMessageGenerator.swift in Sources */,
				0F9F264E98A20FBB2321484D /* Components.swift in Sources */,
				DE4F35BD029C954298ED2E6C /* Connector.swift in Sources */,
				869FB88230A88627086D5D46 /* ConnectorsView.swift in Sources */,
				6FA26358172891361AD1300C /* CreateProjectSheet.swift in Sources */,
				A4B8CA01D386482F650E89CA /* CustomTextSkillEditor.swift in Sources */,
				89D44AC1D689539FABFDBFF0 /* DeviceConnectionHelpSheet.swift in Sources */,
				134B30E3A9BB533512F39F10 /* EffortControl.swift in Sources */,
				01D4C6B77A98CDBE15A77B93 /* EnvironmentConnectionPill.swift in Sources */,
				989BC607D2B12239327C2B38 /* EnvironmentPickerSheet.swift in Sources */,
				6DA2A876252014560A0C9CED /* GitHubLinkView.swift in Sources */,
				87888C9A7BE04C6DC500F5FF /* HealthKitService.swift in Sources */,
				77DB25EAC5E7F9DB2B788AF8 /* InstalledSkillsView.swift in Sources */,
				FCD64789786971EB6B178067 /* KeychainSecretStore.swift in Sources */,
				EB13BE1113EE5A58EB224798 /* LightweightTaskRunner.swift in Sources */,
				CD8D463862D5151A7814DE2B /* LightweightTasksSettings.swift in Sources */,
				25CC6DFF8C7D6CE7F9B8BC90 /* LightweightTasksSettingsView.swift in Sources */,
				D0595856028B7EB055BEBF40 /* LocalMetalDownloadManager.swift in Sources */,
				9BEB6B608276558D02A19157 /* LocalMetalMLXBackend.swift in Sources */,
				16A3DC253AF1FCFE73C4665B /* LocalMetalSettingsView.swift in Sources */,
				616C97083496C978F093DD01 /* LocationService.swift in Sources */,
				10AAF25095AC452BA1FD0DD0 /* MCPClient.swift in Sources */,
				3F17D0BFE5400F32F087609C /* MCPManagerView.swift in Sources */,
				10785FC912D828B54D0CA9C2 /* MCPModels.swift in Sources */,
				700E014CCD341EDDA7D512B9 /* MLXLocalEngine.swift in Sources */,
				18B1C483F46BDEFDE38641B7 /* ManageMemoryView.swift in Sources */,
				B6BED1FEBAC5F37972F53A8C /* MarkdownContentView.swift in Sources */,
				6BBFC3E78066F24061E984A7 /* MarketplaceSettingsView.swift in Sources */,
				2EADA66F64D17AA5AF37EE0D /* MessageActionsSheet.swift in Sources */,
				F00BB06F3E73B6E98F23C886 /* ModelPickerSheet.swift in Sources */,
				B07976E06661452369173CC5 /* NewEnvironmentView.swift in Sources */,
				2E633E1B41EE47C49C457131 /* NewSessionView.swift in Sources */,
				9751B2A27AD8B44A9BF13D34 /* OnboardingWalkthroughView.swift in Sources */,
				836E7595CC55EAA3000E764B /* PairQRScannerView.swift in Sources */,
				0FA33005FF1EA57D6C7720DA /* PreviewSheets.swift in Sources */,
				90A43575BE320BAFB5878F73 /* ProjectDetailView.swift in Sources */,
				4FF1A1192D402F4D2FBE5BB6 /* ProjectsListView.swift in Sources */,
				C8D261E3EA446468612E2E86 /* RenameChatSheet.swift in Sources */,
				16D66A8316B4BFFBEC977430 /* RepositoryPickerSheet.swift in Sources */,
				CF1F71D25D87B38ADE583B21 /* RootView.swift in Sources */,
				B4AF9A50515562B4239850DB /* ServerPairingView.swift in Sources */,
				3EEF97B224CEA56CD57F390D /* SessionConfig.swift in Sources */,
				24034F23C829598BFC1928E2 /* SessionToolsView.swift in Sources */,
				C7DC6588D2261B643E9F3076 /* SessionView.swift in Sources */,
				8E4EABFC31CE85F9B622A5B2 /* SessionViewModel.swift in Sources */,
				2FAAD0993E89963F6E79FCB6 /* SettingsSync.swift in Sources */,
				311472157E5C2E9BE4563015 /* SidebarView.swift in Sources */,
				D924A5589FE659F6A77AF4F0 /* SkillDetailView.swift in Sources */,
				AC891A65F156ADEB64EEE6FF /* SkillMarketplaceView.swift in Sources */,
				BA606BA59082F696AB4DCE51 /* Theme.swift in Sources */,
				2CAE5AA334818D15EF8EB469 /* ThinkingBlock.swift in Sources */,
				8E3770634B11B4B7FA49BA5F /* ThinkingExtractor.swift in Sources */,
				64349903E9F2D083B113EA55 /* ThinkingSummaryGenerator.swift in Sources */,
				F4BBCAF81C9FD3472CCD4F71 /* ThoughtProcessView.swift in Sources */,
				9E0555B203687F91CE844A6C /* UserMemoryStore.swift in Sources */,
				0BD63F8C420A7AF0EC127CAD /* VisionAnalysisSheet.swift in Sources */,
				4FFDD4663BF0D3207EBC377B /* VisionCameraView.swift in Sources */,
				FF76EFA3B5F7C6B7DDB077F6 /* VisionCapability.swift in Sources */,
				9F3450394810EF946FCFF592 /* VisionGlowOverlay.swift in Sources */,
				5680EEEC3051CED607D59025 /* VisionView.swift in Sources */,
				5670978AA213B3D0CA568576 /* VisionViewModel.swift in Sources */,
				197E2F22E0E69F8E833E0DA1 /* WebSearchService.swift in Sources */,
			);
			runOnlyForDeploymentPostprocessing = 0;
		};
/* End PBXSourcesBuildPhase section */

/* Begin XCBuildConfiguration section */
		5BEC35D1A2B053872345DB74 /* Release */ = {
			isa = XCBuildConfiguration;
			buildSettings = {
				ALWAYS_SEARCH_USER_PATHS = NO;
				CLANG_ANALYZER_NONNULL = YES;
				CLANG_ANALYZER_NUMBER_OBJECT_CONVERSION = YES_AGGRESSIVE;
				CLANG_CXX_LANGUAGE_STANDARD = "gnu++14";
				CLANG_CXX_LIBRARY = "libc++";
				CLANG_ENABLE_MODULES = YES;
				CLANG_ENABLE_OBJC_ARC = YES;
				CLANG_ENABLE_OBJC_WEAK = YES;
				CLANG_WARN_BLOCK_CAPTURE_AUTORELEASING = YES;
				CLANG_WARN_BOOL_CONVERSION = YES;
				CLANG_WARN_COMMA = YES;
				CLANG_WARN_CONSTANT_CONVERSION = YES;
				CLANG_WARN_DEPRECATED_OBJC_IMPLEMENTATIONS = YES;
				CLANG_WARN_DIRECT_OBJC_ISA_USAGE = YES_ERROR;
				CLANG_WARN_DOCUMENTATION_COMMENTS = YES;
				CLANG_WARN_EMPTY_BODY = YES;
				CLANG_WARN_ENUM_CONVERSION = YES;
				CLANG_WARN_INFINITE_RECURSION = YES;
				CLANG_WARN_INT_CONVERSION = YES;
				CLANG_WARN_NON_LITERAL_NULL_CONVERSION = YES;
				CLANG_WARN_OBJC_IMPLICIT_RETAIN_SELF = YES;
				CLANG_WARN_OBJC_LITERAL_CONVERSION = YES;
				CLANG_WARN_OBJC_ROOT_CLASS = YES_ERROR;
				CLANG_WARN_QUOTED_INCLUDE_IN_FRAMEWORK_HEADER = YES;
				CLANG_WARN_RANGE_LOOP_ANALYSIS = YES;
				CLANG_WARN_STRICT_PROTOTYPES = YES;
				CLANG_WARN_SUSPICIOUS_MOVE = YES;
				CLANG_WARN_UNGUARDED_AVAILABILITY = YES_AGGRESSIVE;
				CLANG_WARN_UNREACHABLE_CODE = YES;
				CLANG_WARN__DUPLICATE_METHOD_MATCH = YES;
				COPY_PHASE_STRIP = NO;
				DEBUG_INFORMATION_FORMAT = "dwarf-with-dsym";
				ENABLE_NS_ASSERTIONS = NO;
				ENABLE_STRICT_OBJC_MSGSEND = YES;
				GCC_C_LANGUAGE_STANDARD = gnu11;
				GCC_NO_COMMON_BLOCKS = YES;
				GCC_WARN_64_TO_32_BIT_CONVERSION = YES;
				GCC_WARN_ABOUT_RETURN_TYPE = YES_ERROR;
				GCC_WARN_UNDECLARED_SELECTOR = YES;
				GCC_WARN_UNINITIALIZED_AUTOS = YES_AGGRESSIVE;
				GCC_WARN_UNUSED_FUNCTION = YES;
				GCC_WARN_UNUSED_VARIABLE = YES;
				IPHONEOS_DEPLOYMENT_TARGET = 17.0;
				MTL_ENABLE_DEBUG_INFO = NO;
				MTL_FAST_MATH = YES;
				PRODUCT_NAME = "$(TARGET_NAME)";
				SDKROOT = iphoneos;
				SWIFT_COMPILATION_MODE = wholemodule;
				SWIFT_OPTIMIZATION_LEVEL = "-O";
				SWIFT_VERSION = 5.0;
			};
			name = Release;
		};
		B9474DD9388766C5EEC8C044 /* Release */ = {
			isa = XCBuildConfiguration;
			buildSettings = {
				ASSETCATALOG_COMPILER_APPICON_NAME = AppIcon;
				CODE_SIGN_ENTITLEMENTS = App/CodeSocket.entitlements;
				CODE_SIGN_IDENTITY = "iPhone Developer";
				CURRENT_PROJECT_VERSION = 1;
				DEVELOPMENT_TEAM = 4JBMBNGPK7;
				INFOPLIST_FILE = App/Info.plist;
				LD_RUNPATH_SEARCH_PATHS = (
					"$(inherited)",
					"@executable_path/Frameworks",
				);
				MARKETING_VERSION = 0.1.0;
				OTHER_LDFLAGS = (
					"$(inherited)",
					"-lc++",
				);
				PRODUCT_BUNDLE_IDENTIFIER = app.codesocket.app;
				SDKROOT = iphoneos;
				SWIFT_VERSION = 5.9;
				TARGETED_DEVICE_FAMILY = "1,2";
			};
			name = Release;
		};
		DFB7CE1DECF43C74309F53DB /* Debug */ = {
			isa = XCBuildConfiguration;
			buildSettings = {
				ALWAYS_SEARCH_USER_PATHS = NO;
				CLANG_ANALYZER_NONNULL = YES;
				CLANG_ANALYZER_NUMBER_OBJECT_CONVERSION = YES_AGGRESSIVE;
				CLANG_CXX_LANGUAGE_STANDARD = "gnu++14";
				CLANG_CXX_LIBRARY = "libc++";
				CLANG_ENABLE_MODULES = YES;
				CLANG_ENABLE_OBJC_ARC = YES;
				CLANG_ENABLE_OBJC_WEAK = YES;
				CLANG_WARN_BLOCK_CAPTURE_AUTORELEASING = YES;
				CLANG_WARN_BOOL_CONVERSION = YES;
				CLANG_WARN_COMMA = YES;
				CLANG_WARN_CONSTANT_CONVERSION = YES;
				CLANG_WARN_DEPRECATED_OBJC_IMPLEMENTATIONS = YES;
				CLANG_WARN_DIRECT_OBJC_ISA_USAGE = YES_ERROR;
				CLANG_WARN_DOCUMENTATION_COMMENTS = YES;
				CLANG_WARN_EMPTY_BODY = YES;
				CLANG_WARN_ENUM_CONVERSION = YES;
				CLANG_WARN_INFINITE_RECURSION = YES;
				CLANG_WARN_INT_CONVERSION = YES;
				CLANG_WARN_NON_LITERAL_NULL_CONVERSION = YES;
				CLANG_WARN_OBJC_IMPLICIT_RETAIN_SELF = YES;
				CLANG_WARN_OBJC_LITERAL_CONVERSION = YES;
				CLANG_WARN_OBJC_ROOT_CLASS = YES_ERROR;
				CLANG_WARN_QUOTED_INCLUDE_IN_FRAMEWORK_HEADER = YES;
				CLANG_WARN_RANGE_LOOP_ANALYSIS = YES;
				CLANG_WARN_STRICT_PROTOTYPES = YES;
				CLANG_WARN_SUSPICIOUS_MOVE = YES;
				CLANG_WARN_UNGUARDED_AVAILABILITY = YES_AGGRESSIVE;
				CLANG_WARN_UNREACHABLE_CODE = YES;
				CLANG_WARN__DUPLICATE_METHOD_MATCH = YES;
				COPY_PHASE_STRIP = NO;
				DEBUG_INFORMATION_FORMAT = dwarf;
				ENABLE_STRICT_OBJC_MSGSEND = YES;
				ENABLE_TESTABILITY = YES;
				GCC_C_LANGUAGE_STANDARD = gnu11;
				GCC_DYNAMIC_NO_PIC = NO;
				GCC_NO_COMMON_BLOCKS = YES;
				GCC_OPTIMIZATION_LEVEL = 0;
				GCC_PREPROCESSOR_DEFINITIONS = (
					"$(inherited)",
					"DEBUG=1",
				);
				GCC_WARN_64_TO_32_BIT_CONVERSION = YES;
				GCC_WARN_ABOUT_RETURN_TYPE = YES_ERROR;
				GCC_WARN_UNDECLARED_SELECTOR = YES;
				GCC_WARN_UNINITIALIZED_AUTOS = YES_AGGRESSIVE;
				GCC_WARN_UNUSED_FUNCTION = YES;
				GCC_WARN_UNUSED_VARIABLE = YES;
				IPHONEOS_DEPLOYMENT_TARGET = 17.0;
				MTL_ENABLE_DEBUG_INFO = INCLUDE_SOURCE;
				MTL_FAST_MATH = YES;
				ONLY_ACTIVE_ARCH = YES;
				PRODUCT_NAME = "$(TARGET_NAME)";
				SDKROOT = iphoneos;
				SWIFT_ACTIVE_COMPILATION_CONDITIONS = DEBUG;
				SWIFT_OPTIMIZATION_LEVEL = "-Onone";
				SWIFT_VERSION = 5.0;
			};
			name = Debug;
		};
		EB57EE4F8F8E22A7BE88511B /* Debug */ = {
			isa = XCBuildConfiguration;
			buildSettings = {
				ASSETCATALOG_COMPILER_APPICON_NAME = AppIcon;
				CODE_SIGN_ENTITLEMENTS = App/CodeSocket.entitlements;
				CODE_SIGN_IDENTITY = "iPhone Developer";
				CURRENT_PROJECT_VERSION = 1;
				DEVELOPMENT_TEAM = 4JBMBNGPK7;
				INFOPLIST_FILE = App/Info.plist;
				LD_RUNPATH_SEARCH_PATHS = (
					"$(inherited)",
					"@executable_path/Frameworks",
				);
				MARKETING_VERSION = 0.1.0;
				OTHER_LDFLAGS = (
					"$(inherited)",
					"-lc++",
				);
				PRODUCT_BUNDLE_IDENTIFIER = app.codesocket.app;
				SDKROOT = iphoneos;
				SWIFT_VERSION = 5.9;
				TARGETED_DEVICE_FAMILY = "1,2";
			};
			name = Debug;
		};
/* End XCBuildConfiguration section */

/* Begin XCConfigurationList section */
		1880854BBFA3857ED8B6E787 /* Build configuration list for PBXNativeTarget "CodeSocket" */ = {
			isa = XCConfigurationList;
			buildConfigurations = (
				EB57EE4F8F8E22A7BE88511B /* Debug */,
				B9474DD9388766C5EEC8C044 /* Release */,
			);
			defaultConfigurationIsVisible = 0;
			defaultConfigurationName = Debug;
		};
		9262DA383F03C27510D7EDBF /* Build configuration list for PBXProject "CodeSocket" */ = {
			isa = XCConfigurationList;
			buildConfigurations = (
				DFB7CE1DECF43C74309F53DB /* Debug */,
				5BEC35D1A2B053872345DB74 /* Release */,
			);
			defaultConfigurationIsVisible = 0;
			defaultConfigurationName = Debug;
		};
/* End XCConfigurationList section */

/* Begin XCLocalSwiftPackageReference section */
		0461310C7877D93922A7D180 /* XCLocalSwiftPackageReference "AnyProvCore" */ = {
			isa = XCLocalSwiftPackageReference;
			relativePath = AnyProvCore;
		};
/* End XCLocalSwiftPackageReference section */

/* Begin XCRemoteSwiftPackageReference section */
		092837542553BD33B826288C /* XCRemoteSwiftPackageReference "swift-markdown-ui" */ = {
			isa = XCRemoteSwiftPackageReference;
			repositoryURL = "https://github.com/gonzalezreal/swift-markdown-ui";
			requirement = {
				kind = upToNextMajorVersion;
				minimumVersion = 2.4.0;
			};
		};
		65C2FD9865E75C4914D07C2D /* XCRemoteSwiftPackageReference "mlx-swift-lm" */ = {
			isa = XCRemoteSwiftPackageReference;
			repositoryURL = "https://github.com/ml-explore/mlx-swift-lm";
			requirement = {
				kind = upToNextMajorVersion;
				minimumVersion = 3.31.3;
			};
		};
		6717D613DBD9CD0C55A11F95 /* XCRemoteSwiftPackageReference "swift-transformers" */ = {
			isa = XCRemoteSwiftPackageReference;
			repositoryURL = "https://github.com/huggingface/swift-transformers";
			requirement = {
				kind = upToNextMajorVersion;
				minimumVersion = 1.3.0;
			};
		};
		DA8B8B0030C77A237612BB4E /* XCRemoteSwiftPackageReference "swift-huggingface" */ = {
			isa = XCRemoteSwiftPackageReference;
			repositoryURL = "https://github.com/huggingface/swift-huggingface";
			requirement = {
				kind = upToNextMajorVersion;
				minimumVersion = 0.9.0;
			};
		};
		F32899884656FEB474C4914D /* XCRemoteSwiftPackageReference "Highlightr" */ = {
			isa = XCRemoteSwiftPackageReference;
			repositoryURL = "https://github.com/raspu/Highlightr";
			requirement = {
				kind = upToNextMajorVersion;
				minimumVersion = 2.2.0;
			};
		};
/* End XCRemoteSwiftPackageReference section */

/* Begin XCSwiftPackageProductDependency section */
		2D99470705B13E35E7A986AA /* MarkdownUI */ = {
			isa = XCSwiftPackageProductDependency;
			package = 092837542553BD33B826288C /* XCRemoteSwiftPackageReference "swift-markdown-ui" */;
			productName = MarkdownUI;
		};
		66B5B8651AD0F03447811949 /* Highlightr */ = {
			isa = XCSwiftPackageProductDependency;
			package = F32899884656FEB474C4914D /* XCRemoteSwiftPackageReference "Highlightr" */;
			productName = Highlightr;
		};
		942F7F39FE69001083AD87CD /* MLXVLM */ = {
			isa = XCSwiftPackageProductDependency;
			package = 65C2FD9865E75C4914D07C2D /* XCRemoteSwiftPackageReference "mlx-swift-lm" */;
			productName = MLXVLM;
		};
		ABB82BA8978CCD7ADAA52715 /* HuggingFace */ = {
			isa = XCSwiftPackageProductDependency;
			package = DA8B8B0030C77A237612BB4E /* XCRemoteSwiftPackageReference "swift-huggingface" */;
			productName = HuggingFace;
		};
		AC506C7E1DE9F4DDE06820D3 /* MLXLLM */ = {
			isa = XCSwiftPackageProductDependency;
			package = 65C2FD9865E75C4914D07C2D /* XCRemoteSwiftPackageReference "mlx-swift-lm" */;
			productName = MLXLLM;
		};
		AC79D15BF4681A0B4814695C /* MLXHuggingFace */ = {
			isa = XCSwiftPackageProductDependency;
			package = 65C2FD9865E75C4914D07C2D /* XCRemoteSwiftPackageReference "mlx-swift-lm" */;
			productName = MLXHuggingFace;
		};
		CFD6CA11DDB6EC47EA1B9E19 /* Tokenizers */ = {
			isa = XCSwiftPackageProductDependency;
			package = 6717D613DBD9CD0C55A11F95 /* XCRemoteSwiftPackageReference "swift-transformers" */;
			productName = Tokenizers;
		};
		DD0EC6E7C3E12CB692EA6B03 /* MLXLMCommon */ = {
			isa = XCSwiftPackageProductDependency;
			package = 65C2FD9865E75C4914D07C2D /* XCRemoteSwiftPackageReference "mlx-swift-lm" */;
			productName = MLXLMCommon;
		};
		E59226835378A9756EBABF4E /* AnyProvCore */ = {
			isa = XCSwiftPackageProductDependency;
			productName = AnyProvCore;
		};
/* End XCSwiftPackageProductDependency section */
	};
	rootObject = 3131480E911E2595028305D3 /* Project object */;
}
